PODS:
  - Nimble (7.0.2)
  - Quick (1.2.0)
  - SwiftFormat/CLI (0.29.8)
  - Swooft (0.1.0):
    - Swooft/AsyncTask (= 0.1.0)
    - Swooft/Atomics (= 0.1.0)
    - Swooft/Collections (= 0.1.0)
    - Swooft/Logger (= 0.1.0)
    - Swooft/Profiler (= 0.1.0)
    - Swooft/Result (= 0.1.0)
    - Swooft/Tasker (= 0.1.0)
    - Swooft/URLInterceptor (= 0.1.0)
    - Swooft/Utils (= 0.1.0)
  - Swooft/AsyncTask (0.1.0):
    - Swooft/Tasker
  - Swooft/Atomics (0.1.0)
  - Swooft/Collections (0.1.0):
    - Swooft/Collections/Cache (= 0.1.0)
    - Swooft/Collections/LinkedList (= 0.1.0)
    - Swooft/Collections/RingBuffer (= 0.1.0)
    - Swooft/Collections/SynchronizedDictionary (= 0.1.0)
  - Swooft/Collections/Cache (0.1.0):
    - Swooft/Collections/LinkedList
  - Swooft/Collections/LinkedList (0.1.0)
  - Swooft/Collections/RingBuffer (0.1.0)
  - Swooft/Collections/SynchronizedDictionary (0.1.0)
  - Swooft/Logger (0.1.0):
    - Swooft/Collections/Cache
    - Swooft/Collections/RingBuffer
  - Swooft/Profiler (0.1.0)
  - Swooft/Result (0.1.0)
  - Swooft/Tasker (0.1.0):
    - Swooft/Atomics
    - Swooft/Logger
    - Swooft/Result
    - Swooft/Utils/Weak
  - Swooft/URLInterceptor (0.1.0):
    - Swooft/Collections/SynchronizedDictionary
    - Swooft/Tasker
  - Swooft/Utils (0.1.0):
    - Swooft/Utils/Weak (= 0.1.0)
  - Swooft/Utils/Weak (0.1.0)

DEPENDENCIES:
  - Nimble
  - Quick
  - SwiftFormat/CLI
  - Swooft (from `../`)

EXTERNAL SOURCES:
  Swooft:
    :path: ../

SPEC CHECKSUMS:
  Nimble: bfe1f814edabba69ff145cb1283e04ed636a67f2
  Quick: 58d203b1c5e27fff7229c4c1ae445ad7069a7a08
  SwiftFormat: 2cfa63c918808f8960d343cb4ac4f3e85cd901ae
  Swooft: c3c5dd77b1519ae37bb10a79d0b130b7446cc157

PODFILE CHECKSUM: 72726bc6beb9265f0aede21898e6adb86b6cad19

COCOAPODS: 1.3.1
