// !$*UTF8*$!
{
	archiveVersion = 1;
	classes = {
	};
	objectVersion = 46;
	objects = {

/* Begin PBXBuildFile section */
		3A8D6903D458462375547F2F /* Pods_Swooft_Tests.framework in Frameworks */ = {isa = PBXBuildFile; fileRef = E12E7B581FC3C9AD0089EA36 /* Pods_Swooft_Tests.framework */; };
		69CF2F5A4A9B4EB8F06D21A3 /* Pods_Swooft_Tests.framework in Frameworks */ = {isa = PBXBuildFile; fileRef = 97CD44675472A1F640CCF3BF /* Pods_Swooft_Tests.framework */; };
		E103B3351F5C5952000F3F70 /* LinkedListTests.swift in Sources */ = {isa = PBXBuildFile; fileRef = E103B3341F5C5952000F3F70 /* LinkedListTests.swift */; };
		E103B3381F5C596F000F3F70 /* CacheTests.swift in Sources */ = {isa = PBXBuildFile; fileRef = E103B3371F5C596F000F3F70 /* CacheTests.swift */; };
		E1100E001FC40C5400A11F75 /* ProfilerTests.swift in Sources */ = {isa = PBXBuildFile; fileRef = E103B3291F574DE9000F3F70 /* ProfilerTests.swift */; };
		E1100E021FC40C9200A11F75 /* Nimble+failWith.swift in Sources */ = {isa = PBXBuildFile; fileRef = E1100E011FC40C9200A11F75 /* Nimble+failWith.swift */; };
		E1100E091FC5FC8D00A11F75 /* EventEmitterTests.swift in Sources */ = {isa = PBXBuildFile; fileRef = E1100E081FC5FC8D00A11F75 /* EventEmitterTests.swift */; };
		E116718F1FA2A16500F1E3BC /* URLInterceptorTests.swift in Sources */ = {isa = PBXBuildFile; fileRef = E116718E1FA2A16500F1E3BC /* URLInterceptorTests.swift */; };
		E11671971FAB6E1F00F1E3BC /* ReactorSpy.swift in Sources */ = {isa = PBXBuildFile; fileRef = E11671961FAB6E1F00F1E3BC /* ReactorSpy.swift */; };
		E11671991FABBCD500F1E3BC /* LoggerConfiguration.swift in Sources */ = {isa = PBXBuildFile; fileRef = E11671981FABBCD500F1E3BC /* LoggerConfiguration.swift */; };
		E116719B1FABBD7D00F1E3BC /* TaskReactorTests.swift in Sources */ = {isa = PBXBuildFile; fileRef = E116719A1FABBD7D00F1E3BC /* TaskReactorTests.swift */; };
		E11FFC1B1FBDEFAF004896D5 /* AsyncOperationTests.swift in Sources */ = {isa = PBXBuildFile; fileRef = E11FFC1A1FBDEFAF004896D5 /* AsyncOperationTests.swift */; };
		E12E7B5F1FC3C9FC0089EA36 /* LoggingProfilerTests.swift in Sources */ = {isa = PBXBuildFile; fileRef = E11FFC231FBE352C004896D5 /* LoggingProfilerTests.swift */; };
		E12E7B661FC3C9FC0089EA36 /* LockingProfilerTests.swift in Sources */ = {isa = PBXBuildFile; fileRef = E11FFC251FBE3538004896D5 /* LockingProfilerTests.swift */; };
		E12E7B6F1FC3C9FC0089EA36 /* MemoizeProfilerTests.swift in Sources */ = {isa = PBXBuildFile; fileRef = E11FFC211FBE3519004896D5 /* MemoizeProfilerTests.swift */; };
		E12E7B831FC3CAA90089EA36 /* DummyTask.swift in Sources */ = {isa = PBXBuildFile; fileRef = E18AD0F61F50B3F600757478 /* DummyTask.swift */; };
		E12E7B841FC3CAB70089EA36 /* KitchenSink.swift in Sources */ = {isa = PBXBuildFile; fileRef = E18AD1021F50B40900757478 /* KitchenSink.swift */; };
		E14D68A31FC27BB200E7C06D /* AsyncOperationSpy.swift in Sources */ = {isa = PBXBuildFile; fileRef = E14D68A21FC27BB200E7C06D /* AsyncOperationSpy.swift */; };
		E172FCD01F96AB6D00317E56 /* LoggerTests.swift in Sources */ = {isa = PBXBuildFile; fileRef = E172FCCF1F96AB6D00317E56 /* LoggerTests.swift */; };
		E17C3FB31F5372E30002ADFF /* RingBufferTests.swift in Sources */ = {isa = PBXBuildFile; fileRef = E17C3FB21F5372E30002ADFF /* RingBufferTests.swift */; };
		E18AD0ED1F50B3AD00757478 /* ScenarioBatchingTests.swift in Sources */ = {isa = PBXBuildFile; fileRef = E18AD0E71F50B3AD00757478 /* ScenarioBatchingTests.swift */; };
		E18AD0EE1F50B3AD00757478 /* ScenarioValidatingRetryingTests.swift in Sources */ = {isa = PBXBuildFile; fileRef = E18AD0E81F50B3AD00757478 /* ScenarioValidatingRetryingTests.swift */; };
		E18AD0EF1F50B3AD00757478 /* TaskHandleTests.swift in Sources */ = {isa = PBXBuildFile; fileRef = E18AD0E91F50B3AD00757478 /* TaskHandleTests.swift */; };
		E18AD0F01F50B3AD00757478 /* TaskInterceptorTests.swift in Sources */ = {isa = PBXBuildFile; fileRef = E18AD0EA1F50B3AD00757478 /* TaskInterceptorTests.swift */; };
		E18AD0F11F50B3AD00757478 /* TaskManagerTests.swift in Sources */ = {isa = PBXBuildFile; fileRef = E18AD0EB1F50B3AD00757478 /* TaskManagerTests.swift */; };
		E18AD0FA1F50B3F600757478 /* AsyncAwaitSpy.swift in Sources */ = {isa = PBXBuildFile; fileRef = E18AD0F51F50B3F600757478 /* AsyncAwaitSpy.swift */; };
		E18AD0FB1F50B3F600757478 /* DummyTask.swift in Sources */ = {isa = PBXBuildFile; fileRef = E18AD0F61F50B3F600757478 /* DummyTask.swift */; };
		E18AD0FC1F50B3F600757478 /* InterceptorSpy.swift in Sources */ = {isa = PBXBuildFile; fileRef = E18AD0F71F50B3F600757478 /* InterceptorSpy.swift */; };
		E18AD0FD1F50B3F600757478 /* TaskManagerSpy.swift in Sources */ = {isa = PBXBuildFile; fileRef = E18AD0F81F50B3F600757478 /* TaskManagerSpy.swift */; };
		E18AD0FE1F50B3F600757478 /* TaskSpy.swift in Sources */ = {isa = PBXBuildFile; fileRef = E18AD0F91F50B3F600757478 /* TaskSpy.swift */; };
		E18AD1001F50B40100757478 /* AsyncAwaitTests.swift in Sources */ = {isa = PBXBuildFile; fileRef = E18AD0FF1F50B40100757478 /* AsyncAwaitTests.swift */; };
		E18AD1041F50B40900757478 /* Ensure.swift in Sources */ = {isa = PBXBuildFile; fileRef = E18AD1011F50B40900757478 /* Ensure.swift */; };
		E18AD1051F50B40900757478 /* KitchenSink.swift in Sources */ = {isa = PBXBuildFile; fileRef = E18AD1021F50B40900757478 /* KitchenSink.swift */; };
		E18AD1061F50B40900757478 /* YieldingIterator.swift in Sources */ = {isa = PBXBuildFile; fileRef = E18AD1031F50B40900757478 /* YieldingIterator.swift */; };
		E1BAC6AC1FB3D56100442308 /* TaskerConfiguration.swift in Sources */ = {isa = PBXBuildFile; fileRef = E1BAC6AB1FB3D56000442308 /* TaskerConfiguration.swift */; };
		E854857FCE32C067225D33A7 /* Pods_Swooft_Profiler_Tests.framework in Frameworks */ = {isa = PBXBuildFile; fileRef = B2201E672E9331F10488DAA0 /* Pods_Swooft_Profiler_Tests.framework */; };
/* End PBXBuildFile section */

/* Begin PBXFileReference section */
		15519BFA8E98A319C6327E9F /* Pods-Swooft_Profiler_Tests.debug.xcconfig */ = {isa = PBXFileReference; includeInIndex = 1; lastKnownFileType = text.xcconfig; name = "Pods-Swooft_Profiler_Tests.debug.xcconfig"; path = "Pods/Target Support Files/Pods-Swooft_Profiler_Tests/Pods-Swooft_Profiler_Tests.debug.xcconfig"; sourceTree = "<group>"; };
		1A4610C1C178A06B43EC0608 /* Pods-Swooft_Tests.debug.xcconfig */ = {isa = PBXFileReference; includeInIndex = 1; lastKnownFileType = text.xcconfig; name = "Pods-Swooft_Tests.debug.xcconfig"; path = "Pods/Target Support Files/Pods-Swooft_Tests/Pods-Swooft_Tests.debug.xcconfig"; sourceTree = "<group>"; };
		607FACE51AFB9204008FA782 /* Swooft_Tests.xctest */ = {isa = PBXFileReference; explicitFileType = wrapper.cfbundle; includeInIndex = 0; path = Swooft_Tests.xctest; sourceTree = BUILT_PRODUCTS_DIR; };
		607FACEA1AFB9204008FA782 /* Info.plist */ = {isa = PBXFileReference; lastKnownFileType = text.plist.xml; path = Info.plist; sourceTree = "<group>"; };
		66FFD0813A0C9458848B342E /* README.md */ = {isa = PBXFileReference; includeInIndex = 1; lastKnownFileType = net.daringfireball.markdown; name = README.md; path = ../README.md; sourceTree = "<group>"; };
		956BD3EEF87BAD2FA1F00F8B /* Swooft.podspec */ = {isa = PBXFileReference; includeInIndex = 1; lastKnownFileType = text; name = Swooft.podspec; path = ../Swooft.podspec; sourceTree = "<group>"; };
		97CD44675472A1F640CCF3BF /* Pods_Swooft_Tests.framework */ = {isa = PBXFileReference; explicitFileType = wrapper.framework; includeInIndex = 0; path = Pods_Swooft_Tests.framework; sourceTree = BUILT_PRODUCTS_DIR; };
		9D913FB3D005A321B1A28D25 /* Pods-Swooft_Tests.release.xcconfig */ = {isa = PBXFileReference; includeInIndex = 1; lastKnownFileType = text.xcconfig; name = "Pods-Swooft_Tests.release.xcconfig"; path = "Pods/Target Support Files/Pods-Swooft_Tests/Pods-Swooft_Tests.release.xcconfig"; sourceTree = "<group>"; };
		B2201E672E9331F10488DAA0 /* Pods_Swooft_Profiler_Tests.framework */ = {isa = PBXFileReference; explicitFileType = wrapper.framework; includeInIndex = 0; path = Pods_Swooft_Profiler_Tests.framework; sourceTree = BUILT_PRODUCTS_DIR; };
		C6D62278CD3B1E289E33A9D5 /* Pods-Swooft_Profiler_Tests.release.xcconfig */ = {isa = PBXFileReference; includeInIndex = 1; lastKnownFileType = text.xcconfig; name = "Pods-Swooft_Profiler_Tests.release.xcconfig"; path = "Pods/Target Support Files/Pods-Swooft_Profiler_Tests/Pods-Swooft_Profiler_Tests.release.xcconfig"; sourceTree = "<group>"; };
		E103B3291F574DE9000F3F70 /* ProfilerTests.swift */ = {isa = PBXFileReference; fileEncoding = 4; lastKnownFileType = sourcecode.swift; path = ProfilerTests.swift; sourceTree = "<group>"; };
		E103B3341F5C5952000F3F70 /* LinkedListTests.swift */ = {isa = PBXFileReference; fileEncoding = 4; lastKnownFileType = sourcecode.swift; path = LinkedListTests.swift; sourceTree = "<group>"; };
		E103B3371F5C596F000F3F70 /* CacheTests.swift */ = {isa = PBXFileReference; fileEncoding = 4; lastKnownFileType = sourcecode.swift; path = CacheTests.swift; sourceTree = "<group>"; };
		E1100E011FC40C9200A11F75 /* Nimble+failWith.swift */ = {isa = PBXFileReference; lastKnownFileType = sourcecode.swift; path = "Nimble+failWith.swift"; sourceTree = "<group>"; };
		E1100E081FC5FC8D00A11F75 /* EventEmitterTests.swift */ = {isa = PBXFileReference; lastKnownFileType = sourcecode.swift; path = EventEmitterTests.swift; sourceTree = "<group>"; };
		E116718E1FA2A16500F1E3BC /* URLInterceptorTests.swift */ = {isa = PBXFileReference; lastKnownFileType = sourcecode.swift; path = URLInterceptorTests.swift; sourceTree = "<group>"; };
		E11671961FAB6E1F00F1E3BC /* ReactorSpy.swift */ = {isa = PBXFileReference; lastKnownFileType = sourcecode.swift; path = ReactorSpy.swift; sourceTree = "<group>"; };
		E11671981FABBCD500F1E3BC /* LoggerConfiguration.swift */ = {isa = PBXFileReference; lastKnownFileType = sourcecode.swift; path = LoggerConfiguration.swift; sourceTree = "<group>"; };
		E116719A1FABBD7D00F1E3BC /* TaskReactorTests.swift */ = {isa = PBXFileReference; lastKnownFileType = sourcecode.swift; path = TaskReactorTests.swift; sourceTree = "<group>"; };
		E11FFC1A1FBDEFAF004896D5 /* AsyncOperationTests.swift */ = {isa = PBXFileReference; lastKnownFileType = sourcecode.swift; path = AsyncOperationTests.swift; sourceTree = "<group>"; };
		E11FFC211FBE3519004896D5 /* MemoizeProfilerTests.swift */ = {isa = PBXFileReference; lastKnownFileType = sourcecode.swift; path = MemoizeProfilerTests.swift; sourceTree = "<group>"; };
		E11FFC231FBE352C004896D5 /* LoggingProfilerTests.swift */ = {isa = PBXFileReference; lastKnownFileType = sourcecode.swift; path = LoggingProfilerTests.swift; sourceTree = "<group>"; };
		E11FFC251FBE3538004896D5 /* LockingProfilerTests.swift */ = {isa = PBXFileReference; lastKnownFileType = sourcecode.swift; path = LockingProfilerTests.swift; sourceTree = "<group>"; };
		E12E7B561FC3C9750089EA36 /* Swooft.framework */ = {isa = PBXFileReference; explicitFileType = wrapper.framework; path = Swooft.framework; sourceTree = BUILT_PRODUCTS_DIR; };
		E12E7B581FC3C9AD0089EA36 /* Pods_Swooft_Tests.framework */ = {isa = PBXFileReference; explicitFileType = wrapper.framework; path = Pods_Swooft_Tests.framework; sourceTree = BUILT_PRODUCTS_DIR; };
		E12E7B811FC3C9FC0089EA36 /* Swooft_Profiler_Tests.xctest */ = {isa = PBXFileReference; explicitFileType = wrapper.cfbundle; includeInIndex = 0; path = Swooft_Profiler_Tests.xctest; sourceTree = BUILT_PRODUCTS_DIR; };
		E12E7B821FC3C9FD0089EA36 /* Swooft_Tests copy-Info.plist */ = {isa = PBXFileReference; lastKnownFileType = text.plist.xml; name = "Swooft_Tests copy-Info.plist"; path = "/Users/aliak/dev/Swooft/Example/Swooft_Tests copy-Info.plist"; sourceTree = "<absolute>"; };
		E14D68A21FC27BB200E7C06D /* AsyncOperationSpy.swift */ = {isa = PBXFileReference; lastKnownFileType = sourcecode.swift; path = AsyncOperationSpy.swift; sourceTree = "<group>"; };
		E172FCCF1F96AB6D00317E56 /* LoggerTests.swift */ = {isa = PBXFileReference; fileEncoding = 4; lastKnownFileType = sourcecode.swift; path = LoggerTests.swift; sourceTree = "<group>"; };
		E17C3FB21F5372E30002ADFF /* RingBufferTests.swift */ = {isa = PBXFileReference; fileEncoding = 4; lastKnownFileType = sourcecode.swift; path = RingBufferTests.swift; sourceTree = "<group>"; };
		E18AD0E71F50B3AD00757478 /* ScenarioBatchingTests.swift */ = {isa = PBXFileReference; fileEncoding = 4; lastKnownFileType = sourcecode.swift; path = ScenarioBatchingTests.swift; sourceTree = "<group>"; };
		E18AD0E81F50B3AD00757478 /* ScenarioValidatingRetryingTests.swift */ = {isa = PBXFileReference; fileEncoding = 4; lastKnownFileType = sourcecode.swift; path = ScenarioValidatingRetryingTests.swift; sourceTree = "<group>"; };
		E18AD0E91F50B3AD00757478 /* TaskHandleTests.swift */ = {isa = PBXFileReference; fileEncoding = 4; lastKnownFileType = sourcecode.swift; path = TaskHandleTests.swift; sourceTree = "<group>"; };
		E18AD0EA1F50B3AD00757478 /* TaskInterceptorTests.swift */ = {isa = PBXFileReference; fileEncoding = 4; lastKnownFileType = sourcecode.swift; path = TaskInterceptorTests.swift; sourceTree = "<group>"; };
		E18AD0EB1F50B3AD00757478 /* TaskManagerTests.swift */ = {isa = PBXFileReference; fileEncoding = 4; lastKnownFileType = sourcecode.swift; path = TaskManagerTests.swift; sourceTree = "<group>"; };
		E18AD0F51F50B3F600757478 /* AsyncAwaitSpy.swift */ = {isa = PBXFileReference; fileEncoding = 4; lastKnownFileType = sourcecode.swift; path = AsyncAwaitSpy.swift; sourceTree = "<group>"; };
		E18AD0F61F50B3F600757478 /* DummyTask.swift */ = {isa = PBXFileReference; fileEncoding = 4; lastKnownFileType = sourcecode.swift; path = DummyTask.swift; sourceTree = "<group>"; };
		E18AD0F71F50B3F600757478 /* InterceptorSpy.swift */ = {isa = PBXFileReference; fileEncoding = 4; lastKnownFileType = sourcecode.swift; path = InterceptorSpy.swift; sourceTree = "<group>"; };
		E18AD0F81F50B3F600757478 /* TaskManagerSpy.swift */ = {isa = PBXFileReference; fileEncoding = 4; lastKnownFileType = sourcecode.swift; path = TaskManagerSpy.swift; sourceTree = "<group>"; };
		E18AD0F91F50B3F600757478 /* TaskSpy.swift */ = {isa = PBXFileReference; fileEncoding = 4; lastKnownFileType = sourcecode.swift; path = TaskSpy.swift; sourceTree = "<group>"; };
		E18AD0FF1F50B40100757478 /* AsyncAwaitTests.swift */ = {isa = PBXFileReference; fileEncoding = 4; lastKnownFileType = sourcecode.swift; path = AsyncAwaitTests.swift; sourceTree = "<group>"; };
		E18AD1011F50B40900757478 /* Ensure.swift */ = {isa = PBXFileReference; fileEncoding = 4; lastKnownFileType = sourcecode.swift; path = Ensure.swift; sourceTree = "<group>"; };
		E18AD1021F50B40900757478 /* KitchenSink.swift */ = {isa = PBXFileReference; fileEncoding = 4; lastKnownFileType = sourcecode.swift; path = KitchenSink.swift; sourceTree = "<group>"; };
		E18AD1031F50B40900757478 /* YieldingIterator.swift */ = {isa = PBXFileReference; fileEncoding = 4; lastKnownFileType = sourcecode.swift; path = YieldingIterator.swift; sourceTree = "<group>"; };
		E1BAC6AB1FB3D56000442308 /* TaskerConfiguration.swift */ = {isa = PBXFileReference; fileEncoding = 4; lastKnownFileType = sourcecode.swift; path = TaskerConfiguration.swift; sourceTree = "<group>"; };
		E8BBF77C8B1AB741F355F151 /* LICENSE */ = {isa = PBXFileReference; includeInIndex = 1; lastKnownFileType = text; name = LICENSE; path = ../LICENSE; sourceTree = "<group>"; };
/* End PBXFileReference section */

/* Begin PBXFrameworksBuildPhase section */
		607FACE21AFB9204008FA782 /* Frameworks */ = {
			isa = PBXFrameworksBuildPhase;
			buildActionMask = 2147483647;
			files = (
				69CF2F5A4A9B4EB8F06D21A3 /* Pods_Swooft_Tests.framework in Frameworks */,
				3A8D6903D458462375547F2F /* Pods_Swooft_Tests.framework in Frameworks */,
			);
			runOnlyForDeploymentPostprocessing = 0;
		};
		E12E7B791FC3C9FC0089EA36 /* Frameworks */ = {
			isa = PBXFrameworksBuildPhase;
			buildActionMask = 2147483647;
			files = (
				E854857FCE32C067225D33A7 /* Pods_Swooft_Profiler_Tests.framework in Frameworks */,
			);
			runOnlyForDeploymentPostprocessing = 0;
		};
/* End PBXFrameworksBuildPhase section */

/* Begin PBXGroup section */
		19929254596EB333C34FA3C7 /* Pods */ = {
			isa = PBXGroup;
			children = (
				1A4610C1C178A06B43EC0608 /* Pods-Swooft_Tests.debug.xcconfig */,
				9D913FB3D005A321B1A28D25 /* Pods-Swooft_Tests.release.xcconfig */,
				15519BFA8E98A319C6327E9F /* Pods-Swooft_Profiler_Tests.debug.xcconfig */,
				C6D62278CD3B1E289E33A9D5 /* Pods-Swooft_Profiler_Tests.release.xcconfig */,
			);
			name = Pods;
			sourceTree = "<group>";
		};
		5323A73818B435BB0003615A /* Frameworks */ = {
			isa = PBXGroup;
			children = (
				E12E7B581FC3C9AD0089EA36 /* Pods_Swooft_Tests.framework */,
				E12E7B561FC3C9750089EA36 /* Swooft.framework */,
				97CD44675472A1F640CCF3BF /* Pods_Swooft_Tests.framework */,
				B2201E672E9331F10488DAA0 /* Pods_Swooft_Profiler_Tests.framework */,
			);
			name = Frameworks;
			sourceTree = "<group>";
		};
		607FACC71AFB9204008FA782 = {
			isa = PBXGroup;
			children = (
				E1100DFF1FC40B1100A11F75 /* ProfilerTests */,
				607FACF51AFB993E008FA782 /* Podspec Metadata */,
				607FACE81AFB9204008FA782 /* Tests */,
				607FACD11AFB9204008FA782 /* Products */,
				19929254596EB333C34FA3C7 /* Pods */,
				5323A73818B435BB0003615A /* Frameworks */,
				E12E7B821FC3C9FD0089EA36 /* Swooft_Tests copy-Info.plist */,
			);
			sourceTree = "<group>";
		};
		607FACD11AFB9204008FA782 /* Products */ = {
			isa = PBXGroup;
			children = (
				607FACE51AFB9204008FA782 /* Swooft_Tests.xctest */,
				E12E7B811FC3C9FC0089EA36 /* Swooft_Profiler_Tests.xctest */,
			);
			name = Products;
			sourceTree = "<group>";
		};
		607FACE81AFB9204008FA782 /* Tests */ = {
			isa = PBXGroup;
			children = (
				E18AD0F31F50B3C600757478 /* AsyncAwait */,
				E17C3FB01F5371300002ADFF /* Collections */,
				E1100E071FC5FC6C00A11F75 /* EventEmitter */,
				E18AD1071F50B8D400757478 /* Logger */,
				E11FFC1C1FBDF007004896D5 /* Operations */,
				E103B3281F574DB1000F3F70 /* Profiler */,
				E18AD0E51F50B39100757478 /* Tasker */,
				E116718D1FA2A13A00F1E3BC /* URLInterceptor */,
				E18AD0F21F50B3B800757478 /* Utils */,
				607FACE91AFB9204008FA782 /* Supporting Files */,
			);
			path = Tests;
			sourceTree = "<group>";
		};
		607FACE91AFB9204008FA782 /* Supporting Files */ = {
			isa = PBXGroup;
			children = (
				607FACEA1AFB9204008FA782 /* Info.plist */,
			);
			name = "Supporting Files";
			sourceTree = "<group>";
		};
		607FACF51AFB993E008FA782 /* Podspec Metadata */ = {
			isa = PBXGroup;
			children = (
				956BD3EEF87BAD2FA1F00F8B /* Swooft.podspec */,
				66FFD0813A0C9458848B342E /* README.md */,
				E8BBF77C8B1AB741F355F151 /* LICENSE */,
			);
			name = "Podspec Metadata";
			sourceTree = "<group>";
		};
		E103B3281F574DB1000F3F70 /* Profiler */ = {
			isa = PBXGroup;
			children = (
				E103B3291F574DE9000F3F70 /* ProfilerTests.swift */,
			);
			path = Profiler;
			sourceTree = "<group>";
		};
		E103B3331F5C5931000F3F70 /* LinkedList */ = {
			isa = PBXGroup;
			children = (
				E103B3341F5C5952000F3F70 /* LinkedListTests.swift */,
			);
			path = LinkedList;
			sourceTree = "<group>";
		};
		E103B3361F5C5957000F3F70 /* Cache */ = {
			isa = PBXGroup;
			children = (
				E103B3371F5C596F000F3F70 /* CacheTests.swift */,
			);
			path = Cache;
			sourceTree = "<group>";
		};
		E1100DFF1FC40B1100A11F75 /* ProfilerTests */ = {
			isa = PBXGroup;
			children = (
				E11FFC211FBE3519004896D5 /* MemoizeProfilerTests.swift */,
				E11FFC231FBE352C004896D5 /* LoggingProfilerTests.swift */,
				E11FFC251FBE3538004896D5 /* LockingProfilerTests.swift */,
			);
			path = ProfilerTests;
			sourceTree = "<group>";
		};
		E1100E071FC5FC6C00A11F75 /* EventEmitter */ = {
			isa = PBXGroup;
			children = (
				E1100E081FC5FC8D00A11F75 /* EventEmitterTests.swift */,
			);
			path = EventEmitter;
			sourceTree = "<group>";
		};
		E116718D1FA2A13A00F1E3BC /* URLInterceptor */ = {
			isa = PBXGroup;
			children = (
				E116718E1FA2A16500F1E3BC /* URLInterceptorTests.swift */,
			);
			path = URLInterceptor;
			sourceTree = "<group>";
		};
		E11FFC1C1FBDF007004896D5 /* Operations */ = {
			isa = PBXGroup;
			children = (
				E14D68A11FC27B9800E7C06D /* Doubles */,
				E11FFC1A1FBDEFAF004896D5 /* AsyncOperationTests.swift */,
			);
			path = Operations;
			sourceTree = "<group>";
		};
		E14D68A11FC27B9800E7C06D /* Doubles */ = {
			isa = PBXGroup;
			children = (
				E14D68A21FC27BB200E7C06D /* AsyncOperationSpy.swift */,
			);
			path = Doubles;
			sourceTree = "<group>";
		};
		E17C3FB01F5371300002ADFF /* Collections */ = {
			isa = PBXGroup;
			children = (
				E103B3361F5C5957000F3F70 /* Cache */,
				E103B3331F5C5931000F3F70 /* LinkedList */,
				E17C3FB11F5372A70002ADFF /* RingBuffer */,
			);
			path = Collections;
			sourceTree = "<group>";
		};
		E17C3FB11F5372A70002ADFF /* RingBuffer */ = {
			isa = PBXGroup;
			children = (
				E17C3FB21F5372E30002ADFF /* RingBufferTests.swift */,
			);
			path = RingBuffer;
			sourceTree = "<group>";
		};
		E18AD0E51F50B39100757478 /* Tasker */ = {
			isa = PBXGroup;
			children = (
				E1BAC6A91FB3D01500442308 /* Doubles */,
				E18AD0E71F50B3AD00757478 /* ScenarioBatchingTests.swift */,
				E18AD0E81F50B3AD00757478 /* ScenarioValidatingRetryingTests.swift */,
				E1BAC6AB1FB3D56000442308 /* TaskerConfiguration.swift */,
				E18AD0E91F50B3AD00757478 /* TaskHandleTests.swift */,
				E18AD0EA1F50B3AD00757478 /* TaskInterceptorTests.swift */,
				E18AD0EB1F50B3AD00757478 /* TaskManagerTests.swift */,
				E116719A1FABBD7D00F1E3BC /* TaskReactorTests.swift */,
			);
			path = Tasker;
			sourceTree = "<group>";
		};
		E18AD0F21F50B3B800757478 /* Utils */ = {
			isa = PBXGroup;
			children = (
				E18AD1011F50B40900757478 /* Ensure.swift */,
				E18AD1021F50B40900757478 /* KitchenSink.swift */,
				E18AD1031F50B40900757478 /* YieldingIterator.swift */,
				E1100E011FC40C9200A11F75 /* Nimble+failWith.swift */,
			);
			path = Utils;
			sourceTree = "<group>";
		};
		E18AD0F31F50B3C600757478 /* AsyncAwait */ = {
			isa = PBXGroup;
			children = (
				E1BAC6AA1FB3D03700442308 /* Doubles */,
				E18AD0FF1F50B40100757478 /* AsyncAwaitTests.swift */,
			);
			path = AsyncAwait;
			sourceTree = "<group>";
		};
		E18AD1071F50B8D400757478 /* Logger */ = {
			isa = PBXGroup;
			children = (
				E172FCCF1F96AB6D00317E56 /* LoggerTests.swift */,
				E11671981FABBCD500F1E3BC /* LoggerConfiguration.swift */,
			);
			path = Logger;
			sourceTree = "<group>";
		};
		E1BAC6A91FB3D01500442308 /* Doubles */ = {
			isa = PBXGroup;
			children = (
				E18AD0F61F50B3F600757478 /* DummyTask.swift */,
				E18AD0F71F50B3F600757478 /* InterceptorSpy.swift */,
				E18AD0F81F50B3F600757478 /* TaskManagerSpy.swift */,
				E18AD0F91F50B3F600757478 /* TaskSpy.swift */,
				E11671961FAB6E1F00F1E3BC /* ReactorSpy.swift */,
			);
			path = Doubles;
			sourceTree = "<group>";
		};
		E1BAC6AA1FB3D03700442308 /* Doubles */ = {
			isa = PBXGroup;
			children = (
				E18AD0F51F50B3F600757478 /* AsyncAwaitSpy.swift */,
			);
			path = Doubles;
			sourceTree = "<group>";
		};
/* End PBXGroup section */

/* Begin PBXNativeTarget section */
		607FACE41AFB9204008FA782 /* Swooft_Tests */ = {
			isa = PBXNativeTarget;
			buildConfigurationList = 607FACF21AFB9204008FA782 /* Build configuration list for PBXNativeTarget "Swooft_Tests" */;
			buildPhases = (
				56593E395A9DC043EC99D517 /* [CP] Check Pods Manifest.lock */,
				607FACE11AFB9204008FA782 /* Sources */,
				607FACE21AFB9204008FA782 /* Frameworks */,
				607FACE31AFB9204008FA782 /* Resources */,
				AC9C838DA7343997FBA7BF5E /* [CP] Embed Pods Frameworks */,
				4849484B8C4553FA991194FE /* [CP] Copy Pods Resources */,
			);
			buildRules = (
			);
			dependencies = (
			);
			name = Swooft_Tests;
			productName = Tests;
			productReference = 607FACE51AFB9204008FA782 /* Swooft_Tests.xctest */;
			productType = "com.apple.product-type.bundle.unit-test";
		};
		E12E7B591FC3C9FC0089EA36 /* Swooft_Profiler_Tests */ = {
			isa = PBXNativeTarget;
			buildConfigurationList = E12E7B7E1FC3C9FC0089EA36 /* Build configuration list for PBXNativeTarget "Swooft_Profiler_Tests" */;
			buildPhases = (
				682FAD70DD4062CF6D3A3DAD /* [CP] Check Pods Manifest.lock */,
				E12E7B5B1FC3C9FC0089EA36 /* Sources */,
				E12E7B791FC3C9FC0089EA36 /* Frameworks */,
				E12E7B7B1FC3C9FC0089EA36 /* Resources */,
				7A98B55E8A36FF5A12D5F3EE /* [CP] Embed Pods Frameworks */,
				CEAD5D4E4C79CF025584E8AC /* [CP] Copy Pods Resources */,
			);
			buildRules = (
			);
			dependencies = (
			);
			name = Swooft_Profiler_Tests;
			productName = Tests;
			productReference = E12E7B811FC3C9FC0089EA36 /* Swooft_Profiler_Tests.xctest */;
			productType = "com.apple.product-type.bundle.unit-test";
		};
/* End PBXNativeTarget section */

/* Begin PBXProject section */
		607FACC81AFB9204008FA782 /* Project object */ = {
			isa = PBXProject;
			attributes = {
				LastSwiftUpdateCheck = 0910;
				LastUpgradeCheck = 0900;
				ORGANIZATIONNAME = CocoaPods;
				TargetAttributes = {
					607FACE41AFB9204008FA782 = {
						CreatedOnToolsVersion = 6.3.1;
						LastSwiftMigration = 0900;
						TestTargetID = 607FACCF1AFB9204008FA782;
					};
				};
			};
			buildConfigurationList = 607FACCB1AFB9204008FA782 /* Build configuration list for PBXProject "Swooft" */;
			compatibilityVersion = "Xcode 3.2";
			developmentRegion = English;
			hasScannedForEncodings = 0;
			knownRegions = (
				en,
				Base,
			);
			mainGroup = 607FACC71AFB9204008FA782;
			productRefGroup = 607FACD11AFB9204008FA782 /* Products */;
			projectDirPath = "";
			projectRoot = "";
			targets = (
				607FACE41AFB9204008FA782 /* Swooft_Tests */,
				E12E7B591FC3C9FC0089EA36 /* Swooft_Profiler_Tests */,
			);
		};
/* End PBXProject section */

/* Begin PBXResourcesBuildPhase section */
		607FACE31AFB9204008FA782 /* Resources */ = {
			isa = PBXResourcesBuildPhase;
			buildActionMask = 2147483647;
			files = (
			);
			runOnlyForDeploymentPostprocessing = 0;
		};
		E12E7B7B1FC3C9FC0089EA36 /* Resources */ = {
			isa = PBXResourcesBuildPhase;
			buildActionMask = 2147483647;
			files = (
			);
			runOnlyForDeploymentPostprocessing = 0;
		};
/* End PBXResourcesBuildPhase section */

/* Begin PBXShellScriptBuildPhase section */
		4849484B8C4553FA991194FE /* [CP] Copy Pods Resources */ = {
			isa = PBXShellScriptBuildPhase;
			buildActionMask = 2147483647;
			files = (
			);
			inputPaths = (
			);
			name = "[CP] Copy Pods Resources";
			outputPaths = (
			);
			runOnlyForDeploymentPostprocessing = 0;
			shellPath = /bin/sh;
			shellScript = "\"${SRCROOT}/Pods/Target Support Files/Pods-Swooft_Tests/Pods-Swooft_Tests-resources.sh\"\n";
			showEnvVarsInLog = 0;
		};
		56593E395A9DC043EC99D517 /* [CP] Check Pods Manifest.lock */ = {
			isa = PBXShellScriptBuildPhase;
			buildActionMask = 2147483647;
			files = (
			);
			inputPaths = (
				"${PODS_PODFILE_DIR_PATH}/Podfile.lock",
				"${PODS_ROOT}/Manifest.lock",
			);
			name = "[CP] Check Pods Manifest.lock";
			outputPaths = (
				"$(DERIVED_FILE_DIR)/Pods-Swooft_Tests-checkManifestLockResult.txt",
			);
			runOnlyForDeploymentPostprocessing = 0;
			shellPath = /bin/sh;
			shellScript = "diff \"${PODS_PODFILE_DIR_PATH}/Podfile.lock\" \"${PODS_ROOT}/Manifest.lock\" > /dev/null\nif [ $? != 0 ] ; then\n    # print error to STDERR\n    echo \"error: The sandbox is not in sync with the Podfile.lock. Run 'pod install' or update your CocoaPods installation.\" >&2\n    exit 1\nfi\n# This output is used by Xcode 'outputs' to avoid re-running this script phase.\necho \"SUCCESS\" > \"${SCRIPT_OUTPUT_FILE_0}\"\n";
			showEnvVarsInLog = 0;
		};
		682FAD70DD4062CF6D3A3DAD /* [CP] Check Pods Manifest.lock */ = {
			isa = PBXShellScriptBuildPhase;
			buildActionMask = 2147483647;
			files = (
			);
			inputPaths = (
				"${PODS_PODFILE_DIR_PATH}/Podfile.lock",
				"${PODS_ROOT}/Manifest.lock",
			);
			name = "[CP] Check Pods Manifest.lock";
			outputPaths = (
				"$(DERIVED_FILE_DIR)/Pods-Swooft_Profiler_Tests-checkManifestLockResult.txt",
			);
			runOnlyForDeploymentPostprocessing = 0;
			shellPath = /bin/sh;
			shellScript = "diff \"${PODS_PODFILE_DIR_PATH}/Podfile.lock\" \"${PODS_ROOT}/Manifest.lock\" > /dev/null\nif [ $? != 0 ] ; then\n    # print error to STDERR\n    echo \"error: The sandbox is not in sync with the Podfile.lock. Run 'pod install' or update your CocoaPods installation.\" >&2\n    exit 1\nfi\n# This output is used by Xcode 'outputs' to avoid re-running this script phase.\necho \"SUCCESS\" > \"${SCRIPT_OUTPUT_FILE_0}\"\n";
			showEnvVarsInLog = 0;
		};
		7A98B55E8A36FF5A12D5F3EE /* [CP] Embed Pods Frameworks */ = {
			isa = PBXShellScriptBuildPhase;
			buildActionMask = 2147483647;
			files = (
			);
			inputPaths = (
				"${SRCROOT}/Pods/Target Support Files/Pods-Swooft_Profiler_Tests/Pods-Swooft_Profiler_Tests-frameworks.sh",
				"${BUILT_PRODUCTS_DIR}/Quick/Quick.framework",
				"${BUILT_PRODUCTS_DIR}/Swooft/Swooft.framework",
			);
			name = "[CP] Embed Pods Frameworks";
			outputPaths = (
				"${TARGET_BUILD_DIR}/${FRAMEWORKS_FOLDER_PATH}/Quick.framework",
				"${TARGET_BUILD_DIR}/${FRAMEWORKS_FOLDER_PATH}/Swooft.framework",
			);
			runOnlyForDeploymentPostprocessing = 0;
			shellPath = /bin/sh;
			shellScript = "\"${SRCROOT}/Pods/Target Support Files/Pods-Swooft_Profiler_Tests/Pods-Swooft_Profiler_Tests-frameworks.sh\"\n";
			showEnvVarsInLog = 0;
		};
		AC9C838DA7343997FBA7BF5E /* [CP] Embed Pods Frameworks */ = {
			isa = PBXShellScriptBuildPhase;
			buildActionMask = 2147483647;
			files = (
			);
			inputPaths = (
				"${SRCROOT}/Pods/Target Support Files/Pods-Swooft_Tests/Pods-Swooft_Tests-frameworks.sh",
				"${BUILT_PRODUCTS_DIR}/Mockingjay/Mockingjay.framework",
				"${BUILT_PRODUCTS_DIR}/Nimble/Nimble.framework",
				"${BUILT_PRODUCTS_DIR}/Quick/Quick.framework",
				"${BUILT_PRODUCTS_DIR}/Swooft/Swooft.framework",
				"${BUILT_PRODUCTS_DIR}/URITemplate/URITemplate.framework",
			);
			name = "[CP] Embed Pods Frameworks";
			outputPaths = (
				"${TARGET_BUILD_DIR}/${FRAMEWORKS_FOLDER_PATH}/Mockingjay.framework",
				"${TARGET_BUILD_DIR}/${FRAMEWORKS_FOLDER_PATH}/Nimble.framework",
				"${TARGET_BUILD_DIR}/${FRAMEWORKS_FOLDER_PATH}/Quick.framework",
				"${TARGET_BUILD_DIR}/${FRAMEWORKS_FOLDER_PATH}/Swooft.framework",
				"${TARGET_BUILD_DIR}/${FRAMEWORKS_FOLDER_PATH}/URITemplate.framework",
			);
			runOnlyForDeploymentPostprocessing = 0;
			shellPath = /bin/sh;
			shellScript = "\"${SRCROOT}/Pods/Target Support Files/Pods-Swooft_Tests/Pods-Swooft_Tests-frameworks.sh\"\n";
			showEnvVarsInLog = 0;
		};
		CEAD5D4E4C79CF025584E8AC /* [CP] Copy Pods Resources */ = {
			isa = PBXShellScriptBuildPhase;
			buildActionMask = 2147483647;
			files = (
			);
			inputPaths = (
			);
			name = "[CP] Copy Pods Resources";
			outputPaths = (
			);
			runOnlyForDeploymentPostprocessing = 0;
			shellPath = /bin/sh;
			shellScript = "\"${SRCROOT}/Pods/Target Support Files/Pods-Swooft_Profiler_Tests/Pods-Swooft_Profiler_Tests-resources.sh\"\n";
			showEnvVarsInLog = 0;
		};
/* End PBXShellScriptBuildPhase section */

/* Begin PBXSourcesBuildPhase section */
		607FACE11AFB9204008FA782 /* Sources */ = {
			isa = PBXSourcesBuildPhase;
			buildActionMask = 2147483647;
			files = (
				E18AD0F11F50B3AD00757478 /* TaskManagerTests.swift in Sources */,
				E18AD0FB1F50B3F600757478 /* DummyTask.swift in Sources */,
				E18AD0FE1F50B3F600757478 /* TaskSpy.swift in Sources */,
				E18AD0F01F50B3AD00757478 /* TaskInterceptorTests.swift in Sources */,
				E18AD0ED1F50B3AD00757478 /* ScenarioBatchingTests.swift in Sources */,
				E18AD0EF1F50B3AD00757478 /* TaskHandleTests.swift in Sources */,
				E18AD0EE1F50B3AD00757478 /* ScenarioValidatingRetryingTests.swift in Sources */,
				E18AD1061F50B40900757478 /* YieldingIterator.swift in Sources */,
				E18AD1041F50B40900757478 /* Ensure.swift in Sources */,
				E116718F1FA2A16500F1E3BC /* URLInterceptorTests.swift in Sources */,
				E18AD0FD1F50B3F600757478 /* TaskManagerSpy.swift in Sources */,
				E18AD0FC1F50B3F600757478 /* InterceptorSpy.swift in Sources */,
				E103B3351F5C5952000F3F70 /* LinkedListTests.swift in Sources */,
				E1100E091FC5FC8D00A11F75 /* EventEmitterTests.swift in Sources */,
				E116719B1FABBD7D00F1E3BC /* TaskReactorTests.swift in Sources */,
				E103B3381F5C596F000F3F70 /* CacheTests.swift in Sources */,
				E172FCD01F96AB6D00317E56 /* LoggerTests.swift in Sources */,
				E18AD1051F50B40900757478 /* KitchenSink.swift in Sources */,
				E18AD0FA1F50B3F600757478 /* AsyncAwaitSpy.swift in Sources */,
				E1100E001FC40C5400A11F75 /* ProfilerTests.swift in Sources */,
				E18AD1001F50B40100757478 /* AsyncAwaitTests.swift in Sources */,
				E11FFC1B1FBDEFAF004896D5 /* AsyncOperationTests.swift in Sources */,
				E14D68A31FC27BB200E7C06D /* AsyncOperationSpy.swift in Sources */,
				E11671991FABBCD500F1E3BC /* LoggerConfiguration.swift in Sources */,
				E17C3FB31F5372E30002ADFF /* RingBufferTests.swift in Sources */,
				E1100E021FC40C9200A11F75 /* Nimble+failWith.swift in Sources */,
				E1BAC6AC1FB3D56100442308 /* TaskerConfiguration.swift in Sources */,
				E11671971FAB6E1F00F1E3BC /* ReactorSpy.swift in Sources */,
			);
			runOnlyForDeploymentPostprocessing = 0;
		};
		E12E7B5B1FC3C9FC0089EA36 /* Sources */ = {
			isa = PBXSourcesBuildPhase;
			buildActionMask = 2147483647;
			files = (
				E12E7B841FC3CAB70089EA36 /* KitchenSink.swift in Sources */,
				E12E7B831FC3CAA90089EA36 /* DummyTask.swift in Sources */,
				E12E7B5F1FC3C9FC0089EA36 /* LoggingProfilerTests.swift in Sources */,
				E12E7B661FC3C9FC0089EA36 /* LockingProfilerTests.swift in Sources */,
				E12E7B6F1FC3C9FC0089EA36 /* MemoizeProfilerTests.swift in Sources */,
			);
			runOnlyForDeploymentPostprocessing = 0;
		};
/* End PBXSourcesBuildPhase section */

/* Begin XCBuildConfiguration section */
		607FACED1AFB9204008FA782 /* Debug */ = {
			isa = XCBuildConfiguration;
			buildSettings = {
				ALWAYS_SEARCH_USER_PATHS = NO;
				CLANG_CXX_LANGUAGE_STANDARD = "gnu++0x";
				CLANG_CXX_LIBRARY = "libc++";
				CLANG_ENABLE_MODULES = YES;
				CLANG_ENABLE_OBJC_ARC = YES;
				CLANG_WARN_BLOCK_CAPTURE_AUTORELEASING = YES;
				CLANG_WARN_BOOL_CONVERSION = YES;
				CLANG_WARN_COMMA = YES;
				CLANG_WARN_CONSTANT_CONVERSION = YES;
				CLANG_WARN_DIRECT_OBJC_ISA_USAGE = YES_ERROR;
				CLANG_WARN_EMPTY_BODY = YES;
				CLANG_WARN_ENUM_CONVERSION = YES;
				CLANG_WARN_INFINITE_RECURSION = YES;
				CLANG_WARN_INT_CONVERSION = YES;
				CLANG_WARN_NON_LITERAL_NULL_CONVERSION = YES;
				CLANG_WARN_OBJC_LITERAL_CONVERSION = YES;
				CLANG_WARN_OBJC_ROOT_CLASS = YES_ERROR;
				CLANG_WARN_RANGE_LOOP_ANALYSIS = YES;
				CLANG_WARN_STRICT_PROTOTYPES = YES;
				CLANG_WARN_SUSPICIOUS_MOVE = YES;
				CLANG_WARN_UNREACHABLE_CODE = YES;
				CLANG_WARN__DUPLICATE_METHOD_MATCH = YES;
				"CODE_SIGN_IDENTITY[sdk=iphoneos*]" = "iPhone Developer";
				COPY_PHASE_STRIP = NO;
				DEBUG_INFORMATION_FORMAT = "dwarf-with-dsym";
				ENABLE_STRICT_OBJC_MSGSEND = YES;
				ENABLE_TESTABILITY = YES;
				GCC_C_LANGUAGE_STANDARD = gnu99;
				GCC_DYNAMIC_NO_PIC = NO;
				GCC_NO_COMMON_BLOCKS = YES;
				GCC_OPTIMIZATION_LEVEL = 0;
				GCC_PREPROCESSOR_DEFINITIONS = (
					"DEBUG=1",
					"$(inherited)",
				);
				GCC_SYMBOLS_PRIVATE_EXTERN = NO;
				GCC_WARN_64_TO_32_BIT_CONVERSION = YES;
				GCC_WARN_ABOUT_RETURN_TYPE = YES_ERROR;
				GCC_WARN_UNDECLARED_SELECTOR = YES;
				GCC_WARN_UNINITIALIZED_AUTOS = YES_AGGRESSIVE;
				GCC_WARN_UNUSED_FUNCTION = YES;
				GCC_WARN_UNUSED_VARIABLE = YES;
				IPHONEOS_DEPLOYMENT_TARGET = 9.0;
				MTL_ENABLE_DEBUG_INFO = YES;
				ONLY_ACTIVE_ARCH = YES;
				SDKROOT = iphoneos;
				SWIFT_OPTIMIZATION_LEVEL = "-Onone";
			};
			name = Debug;
		};
		607FACEE1AFB9204008FA782 /* Release */ = {
			isa = XCBuildConfiguration;
			buildSettings = {
				ALWAYS_SEARCH_USER_PATHS = NO;
				CLANG_CXX_LANGUAGE_STANDARD = "gnu++0x";
				CLANG_CXX_LIBRARY = "libc++";
				CLANG_ENABLE_MODULES = YES;
				CLANG_ENABLE_OBJC_ARC = YES;
				CLANG_WARN_BLOCK_CAPTURE_AUTORELEASING = YES;
				CLANG_WARN_BOOL_CONVERSION = YES;
				CLANG_WARN_COMMA = YES;
				CLANG_WARN_CONSTANT_CONVERSION = YES;
				CLANG_WARN_DIRECT_OBJC_ISA_USAGE = YES_ERROR;
				CLANG_WARN_EMPTY_BODY = YES;
				CLANG_WARN_ENUM_CONVERSION = YES;
				CLANG_WARN_INFINITE_RECURSION = YES;
				CLANG_WARN_INT_CONVERSION = YES;
				CLANG_WARN_NON_LITERAL_NULL_CONVERSION = YES;
				CLANG_WARN_OBJC_LITERAL_CONVERSION = YES;
				CLANG_WARN_OBJC_ROOT_CLASS = YES_ERROR;
				CLANG_WARN_RANGE_LOOP_ANALYSIS = YES;
				CLANG_WARN_STRICT_PROTOTYPES = YES;
				CLANG_WARN_SUSPICIOUS_MOVE = YES;
				CLANG_WARN_UNREACHABLE_CODE = YES;
				CLANG_WARN__DUPLICATE_METHOD_MATCH = YES;
				"CODE_SIGN_IDENTITY[sdk=iphoneos*]" = "iPhone Developer";
				COPY_PHASE_STRIP = NO;
				DEBUG_INFORMATION_FORMAT = "dwarf-with-dsym";
				ENABLE_NS_ASSERTIONS = NO;
				ENABLE_STRICT_OBJC_MSGSEND = YES;
				ENABLE_TESTABILITY = YES;
				GCC_C_LANGUAGE_STANDARD = gnu99;
				GCC_NO_COMMON_BLOCKS = YES;
				GCC_WARN_64_TO_32_BIT_CONVERSION = YES;
				GCC_WARN_ABOUT_RETURN_TYPE = YES_ERROR;
				GCC_WARN_UNDECLARED_SELECTOR = YES;
				GCC_WARN_UNINITIALIZED_AUTOS = YES_AGGRESSIVE;
				GCC_WARN_UNUSED_FUNCTION = YES;
				GCC_WARN_UNUSED_VARIABLE = YES;
				IPHONEOS_DEPLOYMENT_TARGET = 9.0;
				MTL_ENABLE_DEBUG_INFO = NO;
				SDKROOT = iphoneos;
				SWIFT_OPTIMIZATION_LEVEL = "-Owholemodule";
				VALIDATE_PRODUCT = YES;
			};
			name = Release;
		};
		607FACF31AFB9204008FA782 /* Debug */ = {
			isa = XCBuildConfiguration;
			baseConfigurationReference = 1A4610C1C178A06B43EC0608 /* Pods-Swooft_Tests.debug.xcconfig */;
			buildSettings = {
				CLANG_ENABLE_MODULES = YES;
				FRAMEWORK_SEARCH_PATHS = (
					"$(SDKROOT)/Developer/Library/Frameworks",
					"$(inherited)",
				);
				GCC_PREPROCESSOR_DEFINITIONS = (
					"DEBUG=1",
					"$(inherited)",
				);
				INFOPLIST_FILE = Tests/Info.plist;
				LD_RUNPATH_SEARCH_PATHS = "$(inherited) @executable_path/Frameworks @loader_path/Frameworks";
				PRODUCT_BUNDLE_IDENTIFIER = "org.cocoapods.$(PRODUCT_NAME:rfc1034identifier)";
				PRODUCT_NAME = "$(TARGET_NAME)";
				SWIFT_OPTIMIZATION_LEVEL = "-Onone";
				SWIFT_SWIFT3_OBJC_INFERENCE = On;
				SWIFT_VERSION = 4.0;
			};
			name = Debug;
		};
		607FACF41AFB9204008FA782 /* Release */ = {
			isa = XCBuildConfiguration;
			baseConfigurationReference = 9D913FB3D005A321B1A28D25 /* Pods-Swooft_Tests.release.xcconfig */;
			buildSettings = {
				CLANG_ENABLE_MODULES = YES;
				FRAMEWORK_SEARCH_PATHS = (
					"$(SDKROOT)/Developer/Library/Frameworks",
					"$(inherited)",
				);
				INFOPLIST_FILE = Tests/Info.plist;
				LD_RUNPATH_SEARCH_PATHS = "$(inherited) @executable_path/Frameworks @loader_path/Frameworks";
				PRODUCT_BUNDLE_IDENTIFIER = "org.cocoapods.$(PRODUCT_NAME:rfc1034identifier)";
				PRODUCT_NAME = "$(TARGET_NAME)";
				SWIFT_SWIFT3_OBJC_INFERENCE = On;
				SWIFT_VERSION = 4.0;
			};
			name = Release;
		};
		E12E7B7F1FC3C9FC0089EA36 /* Debug */ = {
			isa = XCBuildConfiguration;
			baseConfigurationReference = 15519BFA8E98A319C6327E9F /* Pods-Swooft_Profiler_Tests.debug.xcconfig */;
			buildSettings = {
				CLANG_ENABLE_MODULES = YES;
				FRAMEWORK_SEARCH_PATHS = (
					"$(SDKROOT)/Developer/Library/Frameworks",
					"$(inherited)",
				);
				GCC_PREPROCESSOR_DEFINITIONS = (
					"DEBUG=1",
					"$(inherited)",
				);
				INFOPLIST_FILE = "Swooft_Tests copy-Info.plist";
				LD_RUNPATH_SEARCH_PATHS = "$(inherited) @executable_path/Frameworks @loader_path/Frameworks";
				PRODUCT_BUNDLE_IDENTIFIER = "org.cocoapods.$(PRODUCT_NAME:rfc1034identifier)";
				PRODUCT_NAME = "$(TARGET_NAME)";
				SWIFT_OPTIMIZATION_LEVEL = "-Onone";
				SWIFT_SWIFT3_OBJC_INFERENCE = On;
				SWIFT_VERSION = 4.0;
			};
			name = Debug;
		};
		E12E7B801FC3C9FC0089EA36 /* Release */ = {
			isa = XCBuildConfiguration;
			baseConfigurationReference = C6D62278CD3B1E289E33A9D5 /* Pods-Swooft_Profiler_Tests.release.xcconfig */;
			buildSettings = {
				CLANG_ENABLE_MODULES = YES;
				FRAMEWORK_SEARCH_PATHS = (
					"$(SDKROOT)/Developer/Library/Frameworks",
					"$(inherited)",
				);
				INFOPLIST_FILE = "Swooft_Tests copy-Info.plist";
				LD_RUNPATH_SEARCH_PATHS = "$(inherited) @executable_path/Frameworks @loader_path/Frameworks";
				PRODUCT_BUNDLE_IDENTIFIER = "org.cocoapods.$(PRODUCT_NAME:rfc1034identifier)";
				PRODUCT_NAME = "$(TARGET_NAME)";
				SWIFT_SWIFT3_OBJC_INFERENCE = On;
				SWIFT_VERSION = 4.0;
			};
			name = Release;
		};
/* End XCBuildConfiguration section */

/* Begin XCConfigurationList section */
		607FACCB1AFB9204008FA782 /* Build configuration list for PBXProject "Swooft" */ = {
			isa = XCConfigurationList;
			buildConfigurations = (
				607FACED1AFB9204008FA782 /* Debug */,
				607FACEE1AFB9204008FA782 /* Release */,
			);
			defaultConfigurationIsVisible = 0;
			defaultConfigurationName = Release;
		};
		607FACF21AFB9204008FA782 /* Build configuration list for PBXNativeTarget "Swooft_Tests" */ = {
			isa = XCConfigurationList;
			buildConfigurations = (
				607FACF31AFB9204008FA782 /* Debug */,
				607FACF41AFB9204008FA782 /* Release */,
			);
			defaultConfigurationIsVisible = 0;
			defaultConfigurationName = Release;
		};
		E12E7B7E1FC3C9FC0089EA36 /* Build configuration list for PBXNativeTarget "Swooft_Profiler_Tests" */ = {
			isa = XCConfigurationList;
			buildConfigurations = (
				E12E7B7F1FC3C9FC0089EA36 /* Debug */,
				E12E7B801FC3C9FC0089EA36 /* Release */,
			);
			defaultConfigurationIsVisible = 0;
			defaultConfigurationName = Release;
		};
/* End XCConfigurationList section */
	};
	rootObject = 607FACC81AFB9204008FA782 /* Project object */;
}
