// !$*UTF8*$!
{
	archiveVersion = 1;
	classes = {
	};
	objectVersion = 50;
	objects = {

/* Begin PBXBuildFile section */
		E10588C0219CBE610020976B /* Tasker.framework in Frameworks */ = {isa = PBXBuildFile; fileRef = E10588B7219CBE600020976B /* Tasker.framework */; };
		E10588C7219CBE610020976B /* Tasker_macOS.h in Headers */ = {isa = PBXBuildFile; fileRef = E10588B9219CBE610020976B /* Tasker_macOS.h */; settings = {ATTRIBUTES = (Public, ); }; };
		E1058923219CC0A40020976B /* Result.swift in Sources */ = {isa = PBXBuildFile; fileRef = E10588F7219CC0A40020976B /* Result.swift */; };
		E1058924219CC0A40020976B /* AnyResult.swift in Sources */ = {isa = PBXBuildFile; fileRef = E10588F8219CC0A40020976B /* AnyResult.swift */; };
		E1058925219CC0A40020976B /* Log.swift in Sources */ = {isa = PBXBuildFile; fileRef = E10588FA219CC0A40020976B /* Log.swift */; };
		E1058926219CC0A40020976B /* Logger.swift in Sources */ = {isa = PBXBuildFile; fileRef = E10588FB219CC0A40020976B /* Logger.swift */; };
		E1058927219CC0A40020976B /* LogLevel.swift in Sources */ = {isa = PBXBuildFile; fileRef = E10588FC219CC0A40020976B /* LogLevel.swift */; };
		E1058928219CC0A40020976B /* URLInterceptor.swift in Sources */ = {isa = PBXBuildFile; fileRef = E10588FE219CC0A40020976B /* URLInterceptor.swift */; };
		E1058929219CC0A40020976B /* URLInterceptorProtocol.swift in Sources */ = {isa = PBXBuildFile; fileRef = E10588FF219CC0A40020976B /* URLInterceptorProtocol.swift */; };
		E105892A219CC0A40020976B /* URLInterceptorDataTask.swift in Sources */ = {isa = PBXBuildFile; fileRef = E1058900219CC0A40020976B /* URLInterceptorDataTask.swift */; };
		E105892B219CC0A40020976B /* AtomicInt.swift in Sources */ = {isa = PBXBuildFile; fileRef = E1058902219CC0A40020976B /* AtomicInt.swift */; };
		E105892C219CC0A40020976B /* Array+safeIndex.swift in Sources */ = {isa = PBXBuildFile; fileRef = E1058905219CC0A40020976B /* Array+safeIndex.swift */; };
		E105892D219CC0A40020976B /* NSLocking+withScope.swift in Sources */ = {isa = PBXBuildFile; fileRef = E1058907219CC0A40020976B /* NSLocking+withScope.swift */; };
		E105892E219CC0A40020976B /* Weak.swift in Sources */ = {isa = PBXBuildFile; fileRef = E1058909219CC0A40020976B /* Weak.swift */; };
		E105892F219CC0A40020976B /* GenericError.swift in Sources */ = {isa = PBXBuildFile; fileRef = E105890B219CC0A40020976B /* GenericError.swift */; };
		E1058930219CC0A40020976B /* AsyncOperation.swift in Sources */ = {isa = PBXBuildFile; fileRef = E105890D219CC0A40020976B /* AsyncOperation.swift */; };
		E1058931219CC0A40020976B /* AnyTask.swift in Sources */ = {isa = PBXBuildFile; fileRef = E105890F219CC0A40020976B /* AnyTask.swift */; };
		E1058932219CC0A40020976B /* Task+async.swift in Sources */ = {isa = PBXBuildFile; fileRef = E1058910219CC0A40020976B /* Task+async.swift */; };
		E1058933219CC0A40020976B /* Task+await.swift in Sources */ = {isa = PBXBuildFile; fileRef = E1058911219CC0A40020976B /* Task+await.swift */; };
		E1058934219CC0A40020976B /* RingBuffer.swift in Sources */ = {isa = PBXBuildFile; fileRef = E1058914219CC0A40020976B /* RingBuffer.swift */; };
		E1058935219CC0A40020976B /* SynchronizedDictionary.swift in Sources */ = {isa = PBXBuildFile; fileRef = E1058916219CC0A40020976B /* SynchronizedDictionary.swift */; };
		E1058936219CC0A40020976B /* TaskState.swift in Sources */ = {isa = PBXBuildFile; fileRef = E1058918219CC0A40020976B /* TaskState.swift */; };
		E1058937219CC0A40020976B /* TaskInterceptor.swift in Sources */ = {isa = PBXBuildFile; fileRef = E1058919219CC0A40020976B /* TaskInterceptor.swift */; };
		E1058938219CC0A40020976B /* TaskError.swift in Sources */ = {isa = PBXBuildFile; fileRef = E105891A219CC0A40020976B /* TaskError.swift */; };
		E1058939219CC0A40020976B /* TaskManagerHandle.swift in Sources */ = {isa = PBXBuildFile; fileRef = E105891B219CC0A40020976B /* TaskManagerHandle.swift */; };
		E105893A219CC0A40020976B /* TaskHandle.swift in Sources */ = {isa = PBXBuildFile; fileRef = E105891C219CC0A40020976B /* TaskHandle.swift */; };
		E105893B219CC0A40020976B /* TaskInterceptorManager.swift in Sources */ = {isa = PBXBuildFile; fileRef = E105891D219CC0A40020976B /* TaskInterceptorManager.swift */; };
		E105893C219CC0A40020976B /* TaskManager.swift in Sources */ = {isa = PBXBuildFile; fileRef = E105891E219CC0A40020976B /* TaskManager.swift */; };
		E105893D219CC0A40020976B /* TaskManagerHandleData.swift in Sources */ = {isa = PBXBuildFile; fileRef = E105891F219CC0A40020976B /* TaskManagerHandleData.swift */; };
		E105893E219CC0A40020976B /* Task.swift in Sources */ = {isa = PBXBuildFile; fileRef = E1058920219CC0A40020976B /* Task.swift */; };
		E105893F219CC0A40020976B /* TaskReactorConfiguration.swift in Sources */ = {isa = PBXBuildFile; fileRef = E1058921219CC0A40020976B /* TaskReactorConfiguration.swift */; };
		E1058940219CC0A40020976B /* TaskReactor.swift in Sources */ = {isa = PBXBuildFile; fileRef = E1058922219CC0A40020976B /* TaskReactor.swift */; };
		E1058965219CC0D20020976B /* LoggerTests.swift in Sources */ = {isa = PBXBuildFile; fileRef = E1058943219CC0D10020976B /* LoggerTests.swift */; };
		E1058966219CC0D20020976B /* URLInterceptorTests.swift in Sources */ = {isa = PBXBuildFile; fileRef = E1058945219CC0D10020976B /* URLInterceptorTests.swift */; };
		E1058967219CC0D20020976B /* KitchenSink.swift in Sources */ = {isa = PBXBuildFile; fileRef = E1058947219CC0D10020976B /* KitchenSink.swift */; };
		E1058968219CC0D20020976B /* Ensure.swift in Sources */ = {isa = PBXBuildFile; fileRef = E1058948219CC0D10020976B /* Ensure.swift */; };
		E1058969219CC0D20020976B /* YieldingIterator.swift in Sources */ = {isa = PBXBuildFile; fileRef = E1058949219CC0D10020976B /* YieldingIterator.swift */; };
		E105896A219CC0D20020976B /* AsyncOperationSpy.swift in Sources */ = {isa = PBXBuildFile; fileRef = E105894C219CC0D10020976B /* AsyncOperationSpy.swift */; };
		E105896B219CC0D20020976B /* AsyncOperationTests.swift in Sources */ = {isa = PBXBuildFile; fileRef = E105894D219CC0D10020976B /* AsyncOperationTests.swift */; };
		E105896C219CC0D20020976B /* XCTestManifests.swift in Sources */ = {isa = PBXBuildFile; fileRef = E105894E219CC0D10020976B /* XCTestManifests.swift */; };
		E105896D219CC0D20020976B /* AsyncAwaitSpy.swift in Sources */ = {isa = PBXBuildFile; fileRef = E1058951219CC0D10020976B /* AsyncAwaitSpy.swift */; };
		E105896E219CC0D20020976B /* AsyncAwaitTests.swift in Sources */ = {isa = PBXBuildFile; fileRef = E1058952219CC0D10020976B /* AsyncAwaitTests.swift */; };
		E105896F219CC0D20020976B /* RingBufferTests.swift in Sources */ = {isa = PBXBuildFile; fileRef = E1058955219CC0D10020976B /* RingBufferTests.swift */; };
		E1058970219CC0D20020976B /* TaskerTests.swift in Sources */ = {isa = PBXBuildFile; fileRef = E1058957219CC0D10020976B /* TaskerTests.swift */; };
		E1058971219CC0D20020976B /* InterceptorSpy.swift in Sources */ = {isa = PBXBuildFile; fileRef = E105895A219CC0D10020976B /* InterceptorSpy.swift */; };
		E1058972219CC0D20020976B /* ReactorSpy.swift in Sources */ = {isa = PBXBuildFile; fileRef = E105895B219CC0D10020976B /* ReactorSpy.swift */; };
		E1058973219CC0D20020976B /* TaskManagerSpy.swift in Sources */ = {isa = PBXBuildFile; fileRef = E105895C219CC0D10020976B /* TaskManagerSpy.swift */; };
		E1058974219CC0D20020976B /* TaskSpy.swift in Sources */ = {isa = PBXBuildFile; fileRef = E105895D219CC0D10020976B /* TaskSpy.swift */; };
		E1058975219CC0D20020976B /* DummyTask.swift in Sources */ = {isa = PBXBuildFile; fileRef = E105895E219CC0D10020976B /* DummyTask.swift */; };
		E1058976219CC0D20020976B /* TaskManagerTests.swift in Sources */ = {isa = PBXBuildFile; fileRef = E105895F219CC0D10020976B /* TaskManagerTests.swift */; };
		E1058977219CC0D20020976B /* ScenarioValidatingRetryingTests.swift in Sources */ = {isa = PBXBuildFile; fileRef = E1058960219CC0D10020976B /* ScenarioValidatingRetryingTests.swift */; };
		E1058978219CC0D20020976B /* TaskInterceptorTests.swift in Sources */ = {isa = PBXBuildFile; fileRef = E1058961219CC0D10020976B /* TaskInterceptorTests.swift */; };
		E1058979219CC0D20020976B /* TaskHandleTests.swift in Sources */ = {isa = PBXBuildFile; fileRef = E1058962219CC0D10020976B /* TaskHandleTests.swift */; };
		E105897A219CC0D20020976B /* TaskReactorTests.swift in Sources */ = {isa = PBXBuildFile; fileRef = E1058963219CC0D10020976B /* TaskReactorTests.swift */; };
		E105897B219CC0D20020976B /* ScenarioBatchingTests.swift in Sources */ = {isa = PBXBuildFile; fileRef = E1058964219CC0D10020976B /* ScenarioBatchingTests.swift */; };
/* End PBXBuildFile section */

/* Begin PBXContainerItemProxy section */
		E10588C1219CBE610020976B /* PBXContainerItemProxy */ = {
			isa = PBXContainerItemProxy;
			containerPortal = E1058808219CB8F80020976B /* Project object */;
			proxyType = 1;
			remoteGlobalIDString = E10588B6219CBE600020976B;
			remoteInfo = "Tasker-macOS";
		};
/* End PBXContainerItemProxy section */

/* Begin PBXFileReference section */
		E105882D219CB9270020976B /* Result.swift */ = {isa = PBXFileReference; fileEncoding = 4; lastKnownFileType = sourcecode.swift; path = Result.swift; sourceTree = "<group>"; };
		E105882E219CB9270020976B /* AnyResult.swift */ = {isa = PBXFileReference; fileEncoding = 4; lastKnownFileType = sourcecode.swift; path = AnyResult.swift; sourceTree = "<group>"; };
		E1058830219CB9270020976B /* Log.swift */ = {isa = PBXFileReference; fileEncoding = 4; lastKnownFileType = sourcecode.swift; path = Log.swift; sourceTree = "<group>"; };
		E1058831219CB9270020976B /* Logger.swift */ = {isa = PBXFileReference; fileEncoding = 4; lastKnownFileType = sourcecode.swift; path = Logger.swift; sourceTree = "<group>"; };
		E1058832219CB9270020976B /* LogLevel.swift */ = {isa = PBXFileReference; fileEncoding = 4; lastKnownFileType = sourcecode.swift; path = LogLevel.swift; sourceTree = "<group>"; };
		E1058834219CB9270020976B /* URLInterceptor.swift */ = {isa = PBXFileReference; fileEncoding = 4; lastKnownFileType = sourcecode.swift; path = URLInterceptor.swift; sourceTree = "<group>"; };
		E1058835219CB9270020976B /* URLInterceptorProtocol.swift */ = {isa = PBXFileReference; fileEncoding = 4; lastKnownFileType = sourcecode.swift; path = URLInterceptorProtocol.swift; sourceTree = "<group>"; };
		E1058836219CB9270020976B /* URLInterceptorDataTask.swift */ = {isa = PBXFileReference; fileEncoding = 4; lastKnownFileType = sourcecode.swift; path = URLInterceptorDataTask.swift; sourceTree = "<group>"; };
		E1058838219CB9270020976B /* AtomicInt.swift */ = {isa = PBXFileReference; fileEncoding = 4; lastKnownFileType = sourcecode.swift; path = AtomicInt.swift; sourceTree = "<group>"; };
		E105883B219CB9270020976B /* Array+safeIndex.swift */ = {isa = PBXFileReference; fileEncoding = 4; lastKnownFileType = sourcecode.swift; path = "Array+safeIndex.swift"; sourceTree = "<group>"; };
		E105883D219CB9270020976B /* NSLocking+withScope.swift */ = {isa = PBXFileReference; fileEncoding = 4; lastKnownFileType = sourcecode.swift; path = "NSLocking+withScope.swift"; sourceTree = "<group>"; };
		E105883F219CB9270020976B /* Weak.swift */ = {isa = PBXFileReference; fileEncoding = 4; lastKnownFileType = sourcecode.swift; path = Weak.swift; sourceTree = "<group>"; };
		E1058841219CB9270020976B /* GenericError.swift */ = {isa = PBXFileReference; fileEncoding = 4; lastKnownFileType = sourcecode.swift; path = GenericError.swift; sourceTree = "<group>"; };
		E1058843219CB9270020976B /* AsyncOperation.swift */ = {isa = PBXFileReference; fileEncoding = 4; lastKnownFileType = sourcecode.swift; path = AsyncOperation.swift; sourceTree = "<group>"; };
		E1058845219CB9270020976B /* AnyTask.swift */ = {isa = PBXFileReference; fileEncoding = 4; lastKnownFileType = sourcecode.swift; path = AnyTask.swift; sourceTree = "<group>"; };
		E1058846219CB9270020976B /* Task+async.swift */ = {isa = PBXFileReference; fileEncoding = 4; lastKnownFileType = sourcecode.swift; path = "Task+async.swift"; sourceTree = "<group>"; };
		E1058847219CB9270020976B /* Task+await.swift */ = {isa = PBXFileReference; fileEncoding = 4; lastKnownFileType = sourcecode.swift; path = "Task+await.swift"; sourceTree = "<group>"; };
		E105884A219CB9270020976B /* RingBuffer.swift */ = {isa = PBXFileReference; fileEncoding = 4; lastKnownFileType = sourcecode.swift; path = RingBuffer.swift; sourceTree = "<group>"; };
		E105884C219CB9270020976B /* SynchronizedDictionary.swift */ = {isa = PBXFileReference; fileEncoding = 4; lastKnownFileType = sourcecode.swift; path = SynchronizedDictionary.swift; sourceTree = "<group>"; };
		E105884E219CB9270020976B /* TaskState.swift */ = {isa = PBXFileReference; fileEncoding = 4; lastKnownFileType = sourcecode.swift; path = TaskState.swift; sourceTree = "<group>"; };
		E105884F219CB9270020976B /* TaskInterceptor.swift */ = {isa = PBXFileReference; fileEncoding = 4; lastKnownFileType = sourcecode.swift; path = TaskInterceptor.swift; sourceTree = "<group>"; };
		E1058850219CB9270020976B /* TaskError.swift */ = {isa = PBXFileReference; fileEncoding = 4; lastKnownFileType = sourcecode.swift; path = TaskError.swift; sourceTree = "<group>"; };
		E1058851219CB9270020976B /* TaskManagerHandle.swift */ = {isa = PBXFileReference; fileEncoding = 4; lastKnownFileType = sourcecode.swift; path = TaskManagerHandle.swift; sourceTree = "<group>"; };
		E1058852219CB9270020976B /* TaskHandle.swift */ = {isa = PBXFileReference; fileEncoding = 4; lastKnownFileType = sourcecode.swift; path = TaskHandle.swift; sourceTree = "<group>"; };
		E1058853219CB9270020976B /* TaskInterceptorManager.swift */ = {isa = PBXFileReference; fileEncoding = 4; lastKnownFileType = sourcecode.swift; path = TaskInterceptorManager.swift; sourceTree = "<group>"; };
		E1058854219CB9270020976B /* TaskManager.swift */ = {isa = PBXFileReference; fileEncoding = 4; lastKnownFileType = sourcecode.swift; path = TaskManager.swift; sourceTree = "<group>"; };
		E1058855219CB9270020976B /* TaskManagerHandleData.swift */ = {isa = PBXFileReference; fileEncoding = 4; lastKnownFileType = sourcecode.swift; path = TaskManagerHandleData.swift; sourceTree = "<group>"; };
		E1058856219CB9270020976B /* Task.swift */ = {isa = PBXFileReference; fileEncoding = 4; lastKnownFileType = sourcecode.swift; path = Task.swift; sourceTree = "<group>"; };
		E1058857219CB9270020976B /* TaskReactorConfiguration.swift */ = {isa = PBXFileReference; fileEncoding = 4; lastKnownFileType = sourcecode.swift; path = TaskReactorConfiguration.swift; sourceTree = "<group>"; };
		E1058858219CB9270020976B /* TaskReactor.swift */ = {isa = PBXFileReference; fileEncoding = 4; lastKnownFileType = sourcecode.swift; path = TaskReactor.swift; sourceTree = "<group>"; };
		E1058879219CB93A0020976B /* LoggerTests.swift */ = {isa = PBXFileReference; fileEncoding = 4; lastKnownFileType = sourcecode.swift; path = LoggerTests.swift; sourceTree = "<group>"; };
		E105887B219CB93A0020976B /* URLInterceptorTests.swift */ = {isa = PBXFileReference; fileEncoding = 4; lastKnownFileType = sourcecode.swift; path = URLInterceptorTests.swift; sourceTree = "<group>"; };
		E105887D219CB93A0020976B /* KitchenSink.swift */ = {isa = PBXFileReference; fileEncoding = 4; lastKnownFileType = sourcecode.swift; path = KitchenSink.swift; sourceTree = "<group>"; };
		E105887E219CB93A0020976B /* Ensure.swift */ = {isa = PBXFileReference; fileEncoding = 4; lastKnownFileType = sourcecode.swift; path = Ensure.swift; sourceTree = "<group>"; };
		E105887F219CB93A0020976B /* YieldingIterator.swift */ = {isa = PBXFileReference; fileEncoding = 4; lastKnownFileType = sourcecode.swift; path = YieldingIterator.swift; sourceTree = "<group>"; };
		E1058882219CB93A0020976B /* AsyncOperationSpy.swift */ = {isa = PBXFileReference; fileEncoding = 4; lastKnownFileType = sourcecode.swift; path = AsyncOperationSpy.swift; sourceTree = "<group>"; };
		E1058883219CB93A0020976B /* AsyncOperationTests.swift */ = {isa = PBXFileReference; fileEncoding = 4; lastKnownFileType = sourcecode.swift; path = AsyncOperationTests.swift; sourceTree = "<group>"; };
		E1058884219CB93A0020976B /* XCTestManifests.swift */ = {isa = PBXFileReference; fileEncoding = 4; lastKnownFileType = sourcecode.swift; path = XCTestManifests.swift; sourceTree = "<group>"; };
		E1058887219CB93A0020976B /* AsyncAwaitSpy.swift */ = {isa = PBXFileReference; fileEncoding = 4; lastKnownFileType = sourcecode.swift; path = AsyncAwaitSpy.swift; sourceTree = "<group>"; };
		E1058888219CB93A0020976B /* AsyncAwaitTests.swift */ = {isa = PBXFileReference; fileEncoding = 4; lastKnownFileType = sourcecode.swift; path = AsyncAwaitTests.swift; sourceTree = "<group>"; };
		E105888B219CB93A0020976B /* RingBufferTests.swift */ = {isa = PBXFileReference; fileEncoding = 4; lastKnownFileType = sourcecode.swift; path = RingBufferTests.swift; sourceTree = "<group>"; };
		E105888D219CB93A0020976B /* TaskerTests.swift */ = {isa = PBXFileReference; fileEncoding = 4; lastKnownFileType = sourcecode.swift; path = TaskerTests.swift; sourceTree = "<group>"; };
		E1058890219CB93A0020976B /* InterceptorSpy.swift */ = {isa = PBXFileReference; fileEncoding = 4; lastKnownFileType = sourcecode.swift; path = InterceptorSpy.swift; sourceTree = "<group>"; };
		E1058891219CB93A0020976B /* ReactorSpy.swift */ = {isa = PBXFileReference; fileEncoding = 4; lastKnownFileType = sourcecode.swift; path = ReactorSpy.swift; sourceTree = "<group>"; };
		E1058892219CB93A0020976B /* TaskManagerSpy.swift */ = {isa = PBXFileReference; fileEncoding = 4; lastKnownFileType = sourcecode.swift; path = TaskManagerSpy.swift; sourceTree = "<group>"; };
		E1058893219CB93A0020976B /* TaskSpy.swift */ = {isa = PBXFileReference; fileEncoding = 4; lastKnownFileType = sourcecode.swift; path = TaskSpy.swift; sourceTree = "<group>"; };
		E1058894219CB93A0020976B /* DummyTask.swift */ = {isa = PBXFileReference; fileEncoding = 4; lastKnownFileType = sourcecode.swift; path = DummyTask.swift; sourceTree = "<group>"; };
		E1058895219CB93A0020976B /* TaskManagerTests.swift */ = {isa = PBXFileReference; fileEncoding = 4; lastKnownFileType = sourcecode.swift; path = TaskManagerTests.swift; sourceTree = "<group>"; };
		E1058896219CB93A0020976B /* ScenarioValidatingRetryingTests.swift */ = {isa = PBXFileReference; fileEncoding = 4; lastKnownFileType = sourcecode.swift; path = ScenarioValidatingRetryingTests.swift; sourceTree = "<group>"; };
		E1058897219CB93A0020976B /* TaskInterceptorTests.swift */ = {isa = PBXFileReference; fileEncoding = 4; lastKnownFileType = sourcecode.swift; path = TaskInterceptorTests.swift; sourceTree = "<group>"; };
		E1058898219CB93A0020976B /* TaskHandleTests.swift */ = {isa = PBXFileReference; fileEncoding = 4; lastKnownFileType = sourcecode.swift; path = TaskHandleTests.swift; sourceTree = "<group>"; };
		E1058899219CB93A0020976B /* TaskReactorTests.swift */ = {isa = PBXFileReference; fileEncoding = 4; lastKnownFileType = sourcecode.swift; path = TaskReactorTests.swift; sourceTree = "<group>"; };
		E105889A219CB93A0020976B /* ScenarioBatchingTests.swift */ = {isa = PBXFileReference; fileEncoding = 4; lastKnownFileType = sourcecode.swift; path = ScenarioBatchingTests.swift; sourceTree = "<group>"; };
		E10588B7219CBE600020976B /* Tasker.framework */ = {isa = PBXFileReference; explicitFileType = wrapper.framework; includeInIndex = 0; path = Tasker.framework; sourceTree = BUILT_PRODUCTS_DIR; };
		E10588B9219CBE610020976B /* Tasker_macOS.h */ = {isa = PBXFileReference; lastKnownFileType = sourcecode.c.h; path = Tasker_macOS.h; sourceTree = "<group>"; };
		E10588BA219CBE610020976B /* Info.plist */ = {isa = PBXFileReference; lastKnownFileType = text.plist.xml; path = Info.plist; sourceTree = "<group>"; };
		E10588BF219CBE610020976B /* Tasker-macOSTests.xctest */ = {isa = PBXFileReference; explicitFileType = wrapper.cfbundle; includeInIndex = 0; path = "Tasker-macOSTests.xctest"; sourceTree = BUILT_PRODUCTS_DIR; };
		E10588CE219CBF6D0020976B /* Info.plist */ = {isa = PBXFileReference; fileEncoding = 4; lastKnownFileType = text.plist.xml; path = Info.plist; sourceTree = "<group>"; };
		E10588F7219CC0A40020976B /* Result.swift */ = {isa = PBXFileReference; fileEncoding = 4; lastKnownFileType = sourcecode.swift; path = Result.swift; sourceTree = "<group>"; };
		E10588F8219CC0A40020976B /* AnyResult.swift */ = {isa = PBXFileReference; fileEncoding = 4; lastKnownFileType = sourcecode.swift; path = AnyResult.swift; sourceTree = "<group>"; };
		E10588FA219CC0A40020976B /* Log.swift */ = {isa = PBXFileReference; fileEncoding = 4; lastKnownFileType = sourcecode.swift; path = Log.swift; sourceTree = "<group>"; };
		E10588FB219CC0A40020976B /* Logger.swift */ = {isa = PBXFileReference; fileEncoding = 4; lastKnownFileType = sourcecode.swift; path = Logger.swift; sourceTree = "<group>"; };
		E10588FC219CC0A40020976B /* LogLevel.swift */ = {isa = PBXFileReference; fileEncoding = 4; lastKnownFileType = sourcecode.swift; path = LogLevel.swift; sourceTree = "<group>"; };
		E10588FE219CC0A40020976B /* URLInterceptor.swift */ = {isa = PBXFileReference; fileEncoding = 4; lastKnownFileType = sourcecode.swift; path = URLInterceptor.swift; sourceTree = "<group>"; };
		E10588FF219CC0A40020976B /* URLInterceptorProtocol.swift */ = {isa = PBXFileReference; fileEncoding = 4; lastKnownFileType = sourcecode.swift; path = URLInterceptorProtocol.swift; sourceTree = "<group>"; };
		E1058900219CC0A40020976B /* URLInterceptorDataTask.swift */ = {isa = PBXFileReference; fileEncoding = 4; lastKnownFileType = sourcecode.swift; path = URLInterceptorDataTask.swift; sourceTree = "<group>"; };
		E1058902219CC0A40020976B /* AtomicInt.swift */ = {isa = PBXFileReference; fileEncoding = 4; lastKnownFileType = sourcecode.swift; path = AtomicInt.swift; sourceTree = "<group>"; };
		E1058905219CC0A40020976B /* Array+safeIndex.swift */ = {isa = PBXFileReference; fileEncoding = 4; lastKnownFileType = sourcecode.swift; path = "Array+safeIndex.swift"; sourceTree = "<group>"; };
		E1058907219CC0A40020976B /* NSLocking+withScope.swift */ = {isa = PBXFileReference; fileEncoding = 4; lastKnownFileType = sourcecode.swift; path = "NSLocking+withScope.swift"; sourceTree = "<group>"; };
		E1058909219CC0A40020976B /* Weak.swift */ = {isa = PBXFileReference; fileEncoding = 4; lastKnownFileType = sourcecode.swift; path = Weak.swift; sourceTree = "<group>"; };
		E105890B219CC0A40020976B /* GenericError.swift */ = {isa = PBXFileReference; fileEncoding = 4; lastKnownFileType = sourcecode.swift; path = GenericError.swift; sourceTree = "<group>"; };
		E105890D219CC0A40020976B /* AsyncOperation.swift */ = {isa = PBXFileReference; fileEncoding = 4; lastKnownFileType = sourcecode.swift; path = AsyncOperation.swift; sourceTree = "<group>"; };
		E105890F219CC0A40020976B /* AnyTask.swift */ = {isa = PBXFileReference; fileEncoding = 4; lastKnownFileType = sourcecode.swift; path = AnyTask.swift; sourceTree = "<group>"; };
		E1058910219CC0A40020976B /* Task+async.swift */ = {isa = PBXFileReference; fileEncoding = 4; lastKnownFileType = sourcecode.swift; path = "Task+async.swift"; sourceTree = "<group>"; };
		E1058911219CC0A40020976B /* Task+await.swift */ = {isa = PBXFileReference; fileEncoding = 4; lastKnownFileType = sourcecode.swift; path = "Task+await.swift"; sourceTree = "<group>"; };
		E1058914219CC0A40020976B /* RingBuffer.swift */ = {isa = PBXFileReference; fileEncoding = 4; lastKnownFileType = sourcecode.swift; path = RingBuffer.swift; sourceTree = "<group>"; };
		E1058916219CC0A40020976B /* SynchronizedDictionary.swift */ = {isa = PBXFileReference; fileEncoding = 4; lastKnownFileType = sourcecode.swift; path = SynchronizedDictionary.swift; sourceTree = "<group>"; };
		E1058918219CC0A40020976B /* TaskState.swift */ = {isa = PBXFileReference; fileEncoding = 4; lastKnownFileType = sourcecode.swift; path = TaskState.swift; sourceTree = "<group>"; };
		E1058919219CC0A40020976B /* TaskInterceptor.swift */ = {isa = PBXFileReference; fileEncoding = 4; lastKnownFileType = sourcecode.swift; path = TaskInterceptor.swift; sourceTree = "<group>"; };
		E105891A219CC0A40020976B /* TaskError.swift */ = {isa = PBXFileReference; fileEncoding = 4; lastKnownFileType = sourcecode.swift; path = TaskError.swift; sourceTree = "<group>"; };
		E105891B219CC0A40020976B /* TaskManagerHandle.swift */ = {isa = PBXFileReference; fileEncoding = 4; lastKnownFileType = sourcecode.swift; path = TaskManagerHandle.swift; sourceTree = "<group>"; };
		E105891C219CC0A40020976B /* TaskHandle.swift */ = {isa = PBXFileReference; fileEncoding = 4; lastKnownFileType = sourcecode.swift; path = TaskHandle.swift; sourceTree = "<group>"; };
		E105891D219CC0A40020976B /* TaskInterceptorManager.swift */ = {isa = PBXFileReference; fileEncoding = 4; lastKnownFileType = sourcecode.swift; path = TaskInterceptorManager.swift; sourceTree = "<group>"; };
		E105891E219CC0A40020976B /* TaskManager.swift */ = {isa = PBXFileReference; fileEncoding = 4; lastKnownFileType = sourcecode.swift; path = TaskManager.swift; sourceTree = "<group>"; };
		E105891F219CC0A40020976B /* TaskManagerHandleData.swift */ = {isa = PBXFileReference; fileEncoding = 4; lastKnownFileType = sourcecode.swift; path = TaskManagerHandleData.swift; sourceTree = "<group>"; };
		E1058920219CC0A40020976B /* Task.swift */ = {isa = PBXFileReference; fileEncoding = 4; lastKnownFileType = sourcecode.swift; path = Task.swift; sourceTree = "<group>"; };
		E1058921219CC0A40020976B /* TaskReactorConfiguration.swift */ = {isa = PBXFileReference; fileEncoding = 4; lastKnownFileType = sourcecode.swift; path = TaskReactorConfiguration.swift; sourceTree = "<group>"; };
		E1058922219CC0A40020976B /* TaskReactor.swift */ = {isa = PBXFileReference; fileEncoding = 4; lastKnownFileType = sourcecode.swift; path = TaskReactor.swift; sourceTree = "<group>"; };
		E1058943219CC0D10020976B /* LoggerTests.swift */ = {isa = PBXFileReference; fileEncoding = 4; lastKnownFileType = sourcecode.swift; path = LoggerTests.swift; sourceTree = "<group>"; };
		E1058945219CC0D10020976B /* URLInterceptorTests.swift */ = {isa = PBXFileReference; fileEncoding = 4; lastKnownFileType = sourcecode.swift; path = URLInterceptorTests.swift; sourceTree = "<group>"; };
		E1058947219CC0D10020976B /* KitchenSink.swift */ = {isa = PBXFileReference; fileEncoding = 4; lastKnownFileType = sourcecode.swift; path = KitchenSink.swift; sourceTree = "<group>"; };
		E1058948219CC0D10020976B /* Ensure.swift */ = {isa = PBXFileReference; fileEncoding = 4; lastKnownFileType = sourcecode.swift; path = Ensure.swift; sourceTree = "<group>"; };
		E1058949219CC0D10020976B /* YieldingIterator.swift */ = {isa = PBXFileReference; fileEncoding = 4; lastKnownFileType = sourcecode.swift; path = YieldingIterator.swift; sourceTree = "<group>"; };
		E105894C219CC0D10020976B /* AsyncOperationSpy.swift */ = {isa = PBXFileReference; fileEncoding = 4; lastKnownFileType = sourcecode.swift; path = AsyncOperationSpy.swift; sourceTree = "<group>"; };
		E105894D219CC0D10020976B /* AsyncOperationTests.swift */ = {isa = PBXFileReference; fileEncoding = 4; lastKnownFileType = sourcecode.swift; path = AsyncOperationTests.swift; sourceTree = "<group>"; };
		E105894E219CC0D10020976B /* XCTestManifests.swift */ = {isa = PBXFileReference; fileEncoding = 4; lastKnownFileType = sourcecode.swift; path = XCTestManifests.swift; sourceTree = "<group>"; };
		E1058951219CC0D10020976B /* AsyncAwaitSpy.swift */ = {isa = PBXFileReference; fileEncoding = 4; lastKnownFileType = sourcecode.swift; path = AsyncAwaitSpy.swift; sourceTree = "<group>"; };
		E1058952219CC0D10020976B /* AsyncAwaitTests.swift */ = {isa = PBXFileReference; fileEncoding = 4; lastKnownFileType = sourcecode.swift; path = AsyncAwaitTests.swift; sourceTree = "<group>"; };
		E1058955219CC0D10020976B /* RingBufferTests.swift */ = {isa = PBXFileReference; fileEncoding = 4; lastKnownFileType = sourcecode.swift; path = RingBufferTests.swift; sourceTree = "<group>"; };
		E1058957219CC0D10020976B /* TaskerTests.swift */ = {isa = PBXFileReference; fileEncoding = 4; lastKnownFileType = sourcecode.swift; path = TaskerTests.swift; sourceTree = "<group>"; };
		E105895A219CC0D10020976B /* InterceptorSpy.swift */ = {isa = PBXFileReference; fileEncoding = 4; lastKnownFileType = sourcecode.swift; path = InterceptorSpy.swift; sourceTree = "<group>"; };
		E105895B219CC0D10020976B /* ReactorSpy.swift */ = {isa = PBXFileReference; fileEncoding = 4; lastKnownFileType = sourcecode.swift; path = ReactorSpy.swift; sourceTree = "<group>"; };
		E105895C219CC0D10020976B /* TaskManagerSpy.swift */ = {isa = PBXFileReference; fileEncoding = 4; lastKnownFileType = sourcecode.swift; path = TaskManagerSpy.swift; sourceTree = "<group>"; };
		E105895D219CC0D10020976B /* TaskSpy.swift */ = {isa = PBXFileReference; fileEncoding = 4; lastKnownFileType = sourcecode.swift; path = TaskSpy.swift; sourceTree = "<group>"; };
		E105895E219CC0D10020976B /* DummyTask.swift */ = {isa = PBXFileReference; fileEncoding = 4; lastKnownFileType = sourcecode.swift; path = DummyTask.swift; sourceTree = "<group>"; };
		E105895F219CC0D10020976B /* TaskManagerTests.swift */ = {isa = PBXFileReference; fileEncoding = 4; lastKnownFileType = sourcecode.swift; path = TaskManagerTests.swift; sourceTree = "<group>"; };
		E1058960219CC0D10020976B /* ScenarioValidatingRetryingTests.swift */ = {isa = PBXFileReference; fileEncoding = 4; lastKnownFileType = sourcecode.swift; path = ScenarioValidatingRetryingTests.swift; sourceTree = "<group>"; };
		E1058961219CC0D10020976B /* TaskInterceptorTests.swift */ = {isa = PBXFileReference; fileEncoding = 4; lastKnownFileType = sourcecode.swift; path = TaskInterceptorTests.swift; sourceTree = "<group>"; };
		E1058962219CC0D10020976B /* TaskHandleTests.swift */ = {isa = PBXFileReference; fileEncoding = 4; lastKnownFileType = sourcecode.swift; path = TaskHandleTests.swift; sourceTree = "<group>"; };
		E1058963219CC0D10020976B /* TaskReactorTests.swift */ = {isa = PBXFileReference; fileEncoding = 4; lastKnownFileType = sourcecode.swift; path = TaskReactorTests.swift; sourceTree = "<group>"; };
		E1058964219CC0D10020976B /* ScenarioBatchingTests.swift */ = {isa = PBXFileReference; fileEncoding = 4; lastKnownFileType = sourcecode.swift; path = ScenarioBatchingTests.swift; sourceTree = "<group>"; };
/* End PBXFileReference section */

/* Begin PBXFrameworksBuildPhase section */
		E10588B4219CBE600020976B /* Frameworks */ = {
			isa = PBXFrameworksBuildPhase;
			buildActionMask = 2147483647;
			files = (
			);
			runOnlyForDeploymentPostprocessing = 0;
		};
		E10588BC219CBE610020976B /* Frameworks */ = {
			isa = PBXFrameworksBuildPhase;
			buildActionMask = 2147483647;
			files = (
				E10588C0219CBE610020976B /* Tasker.framework in Frameworks */,
			);
			runOnlyForDeploymentPostprocessing = 0;
		};
/* End PBXFrameworksBuildPhase section */

/* Begin PBXGroup section */
		E1058807219CB8F80020976B = {
			isa = PBXGroup;
			children = (
				E1058877219CB93A0020976B /* Tests */,
				E105882B219CB9270020976B /* Sources */,
				E10588B8219CBE610020976B /* Tasker-macOS */,
				E10588C3219CBE610020976B /* Tasker-macOSTests */,
				E1058814219CB9100020976B /* Products */,
			);
			sourceTree = "<group>";
		};
		E1058814219CB9100020976B /* Products */ = {
			isa = PBXGroup;
			children = (
				E10588B7219CBE600020976B /* Tasker.framework */,
				E10588BF219CBE610020976B /* Tasker-macOSTests.xctest */,
			);
			name = Products;
			sourceTree = "<group>";
		};
		E105882B219CB9270020976B /* Sources */ = {
			isa = PBXGroup;
			children = (
				E1058844219CB9270020976B /* AsyncAwait */,
				E1058837219CB9270020976B /* Atomics */,
				E1058848219CB9270020976B /* Collections */,
				E105882F219CB9270020976B /* Logger */,
				E1058842219CB9270020976B /* Operations */,
				E105882C219CB9270020976B /* Result */,
				E105884D219CB9270020976B /* Tasker */,
				E1058833219CB9270020976B /* URLInterceptor */,
				E1058839219CB9270020976B /* Utils */,
			);
			name = Sources;
			path = ../Sources;
			sourceTree = "<group>";
		};
		E105882C219CB9270020976B /* Result */ = {
			isa = PBXGroup;
			children = (
				E105882E219CB9270020976B /* AnyResult.swift */,
				E105882D219CB9270020976B /* Result.swift */,
			);
			path = Result;
			sourceTree = "<group>";
		};
		E105882F219CB9270020976B /* Logger */ = {
			isa = PBXGroup;
			children = (
				E1058830219CB9270020976B /* Log.swift */,
				E1058831219CB9270020976B /* Logger.swift */,
				E1058832219CB9270020976B /* LogLevel.swift */,
			);
			path = Logger;
			sourceTree = "<group>";
		};
		E1058833219CB9270020976B /* URLInterceptor */ = {
			isa = PBXGroup;
			children = (
				E1058834219CB9270020976B /* URLInterceptor.swift */,
				E1058836219CB9270020976B /* URLInterceptorDataTask.swift */,
				E1058835219CB9270020976B /* URLInterceptorProtocol.swift */,
			);
			path = URLInterceptor;
			sourceTree = "<group>";
		};
		E1058837219CB9270020976B /* Atomics */ = {
			isa = PBXGroup;
			children = (
				E1058838219CB9270020976B /* AtomicInt.swift */,
			);
			path = Atomics;
			sourceTree = "<group>";
		};
		E1058839219CB9270020976B /* Utils */ = {
			isa = PBXGroup;
			children = (
				E105883A219CB9270020976B /* Array */,
				E1058840219CB9270020976B /* Errors */,
				E105883C219CB9270020976B /* Locking */,
				E105883E219CB9270020976B /* Weak */,
			);
			path = Utils;
			sourceTree = "<group>";
		};
		E105883A219CB9270020976B /* Array */ = {
			isa = PBXGroup;
			children = (
				E105883B219CB9270020976B /* Array+safeIndex.swift */,
			);
			path = Array;
			sourceTree = "<group>";
		};
		E105883C219CB9270020976B /* Locking */ = {
			isa = PBXGroup;
			children = (
				E105883D219CB9270020976B /* NSLocking+withScope.swift */,
			);
			path = Locking;
			sourceTree = "<group>";
		};
		E105883E219CB9270020976B /* Weak */ = {
			isa = PBXGroup;
			children = (
				E105883F219CB9270020976B /* Weak.swift */,
			);
			path = Weak;
			sourceTree = "<group>";
		};
		E1058840219CB9270020976B /* Errors */ = {
			isa = PBXGroup;
			children = (
				E1058841219CB9270020976B /* GenericError.swift */,
			);
			path = Errors;
			sourceTree = "<group>";
		};
		E1058842219CB9270020976B /* Operations */ = {
			isa = PBXGroup;
			children = (
				E1058843219CB9270020976B /* AsyncOperation.swift */,
			);
			path = Operations;
			sourceTree = "<group>";
		};
		E1058844219CB9270020976B /* AsyncAwait */ = {
			isa = PBXGroup;
			children = (
				E1058845219CB9270020976B /* AnyTask.swift */,
				E1058846219CB9270020976B /* Task+async.swift */,
				E1058847219CB9270020976B /* Task+await.swift */,
			);
			path = AsyncAwait;
			sourceTree = "<group>";
		};
		E1058848219CB9270020976B /* Collections */ = {
			isa = PBXGroup;
			children = (
				E1058849219CB9270020976B /* RingBuffer */,
				E105884B219CB9270020976B /* SynchronizedDictionary */,
			);
			path = Collections;
			sourceTree = "<group>";
		};
		E1058849219CB9270020976B /* RingBuffer */ = {
			isa = PBXGroup;
			children = (
				E105884A219CB9270020976B /* RingBuffer.swift */,
			);
			path = RingBuffer;
			sourceTree = "<group>";
		};
		E105884B219CB9270020976B /* SynchronizedDictionary */ = {
			isa = PBXGroup;
			children = (
				E105884C219CB9270020976B /* SynchronizedDictionary.swift */,
			);
			path = SynchronizedDictionary;
			sourceTree = "<group>";
		};
		E105884D219CB9270020976B /* Tasker */ = {
			isa = PBXGroup;
			children = (
				E1058856219CB9270020976B /* Task.swift */,
				E1058850219CB9270020976B /* TaskError.swift */,
				E1058852219CB9270020976B /* TaskHandle.swift */,
				E105884F219CB9270020976B /* TaskInterceptor.swift */,
				E1058853219CB9270020976B /* TaskInterceptorManager.swift */,
				E1058854219CB9270020976B /* TaskManager.swift */,
				E1058851219CB9270020976B /* TaskManagerHandle.swift */,
				E1058855219CB9270020976B /* TaskManagerHandleData.swift */,
				E1058858219CB9270020976B /* TaskReactor.swift */,
				E1058857219CB9270020976B /* TaskReactorConfiguration.swift */,
				E105884E219CB9270020976B /* TaskState.swift */,
			);
			path = Tasker;
			sourceTree = "<group>";
		};
		E1058877219CB93A0020976B /* Tests */ = {
			isa = PBXGroup;
			children = (
				E1058878219CB93A0020976B /* Logger */,
				E105887A219CB93A0020976B /* URLInterceptor */,
				E105887C219CB93A0020976B /* Utils */,
				E1058880219CB93A0020976B /* Operations */,
				E1058884219CB93A0020976B /* XCTestManifests.swift */,
				E1058885219CB93A0020976B /* AsyncAwait */,
				E1058889219CB93A0020976B /* Collections */,
				E105888C219CB93A0020976B /* TaskerTests */,
				E105888E219CB93A0020976B /* Tasker */,
			);
			name = Tests;
			path = ../Tests;
			sourceTree = "<group>";
		};
		E1058878219CB93A0020976B /* Logger */ = {
			isa = PBXGroup;
			children = (
				E1058879219CB93A0020976B /* LoggerTests.swift */,
			);
			path = Logger;
			sourceTree = "<group>";
		};
		E105887A219CB93A0020976B /* URLInterceptor */ = {
			isa = PBXGroup;
			children = (
				E105887B219CB93A0020976B /* URLInterceptorTests.swift */,
			);
			path = URLInterceptor;
			sourceTree = "<group>";
		};
		E105887C219CB93A0020976B /* Utils */ = {
			isa = PBXGroup;
			children = (
				E105887D219CB93A0020976B /* KitchenSink.swift */,
				E105887E219CB93A0020976B /* Ensure.swift */,
				E105887F219CB93A0020976B /* YieldingIterator.swift */,
			);
			path = Utils;
			sourceTree = "<group>";
		};
		E1058880219CB93A0020976B /* Operations */ = {
			isa = PBXGroup;
			children = (
				E1058881219CB93A0020976B /* Doubles */,
				E1058883219CB93A0020976B /* AsyncOperationTests.swift */,
			);
			path = Operations;
			sourceTree = "<group>";
		};
		E1058881219CB93A0020976B /* Doubles */ = {
			isa = PBXGroup;
			children = (
				E1058882219CB93A0020976B /* AsyncOperationSpy.swift */,
			);
			path = Doubles;
			sourceTree = "<group>";
		};
		E1058885219CB93A0020976B /* AsyncAwait */ = {
			isa = PBXGroup;
			children = (
				E1058886219CB93A0020976B /* Doubles */,
				E1058888219CB93A0020976B /* AsyncAwaitTests.swift */,
			);
			path = AsyncAwait;
			sourceTree = "<group>";
		};
		E1058886219CB93A0020976B /* Doubles */ = {
			isa = PBXGroup;
			children = (
				E1058887219CB93A0020976B /* AsyncAwaitSpy.swift */,
			);
			path = Doubles;
			sourceTree = "<group>";
		};
		E1058889219CB93A0020976B /* Collections */ = {
			isa = PBXGroup;
			children = (
				E105888A219CB93A0020976B /* RingBuffer */,
			);
			path = Collections;
			sourceTree = "<group>";
		};
		E105888A219CB93A0020976B /* RingBuffer */ = {
			isa = PBXGroup;
			children = (
				E105888B219CB93A0020976B /* RingBufferTests.swift */,
			);
			path = RingBuffer;
			sourceTree = "<group>";
		};
		E105888C219CB93A0020976B /* TaskerTests */ = {
			isa = PBXGroup;
			children = (
				E105888D219CB93A0020976B /* TaskerTests.swift */,
			);
			path = TaskerTests;
			sourceTree = "<group>";
		};
		E105888E219CB93A0020976B /* Tasker */ = {
			isa = PBXGroup;
			children = (
				E105888F219CB93A0020976B /* Doubles */,
				E1058895219CB93A0020976B /* TaskManagerTests.swift */,
				E1058896219CB93A0020976B /* ScenarioValidatingRetryingTests.swift */,
				E1058897219CB93A0020976B /* TaskInterceptorTests.swift */,
				E1058898219CB93A0020976B /* TaskHandleTests.swift */,
				E1058899219CB93A0020976B /* TaskReactorTests.swift */,
				E105889A219CB93A0020976B /* ScenarioBatchingTests.swift */,
			);
			path = Tasker;
			sourceTree = "<group>";
		};
		E105888F219CB93A0020976B /* Doubles */ = {
			isa = PBXGroup;
			children = (
				E1058890219CB93A0020976B /* InterceptorSpy.swift */,
				E1058891219CB93A0020976B /* ReactorSpy.swift */,
				E1058892219CB93A0020976B /* TaskManagerSpy.swift */,
				E1058893219CB93A0020976B /* TaskSpy.swift */,
				E1058894219CB93A0020976B /* DummyTask.swift */,
			);
			path = Doubles;
			sourceTree = "<group>";
		};
		E10588B8219CBE610020976B /* Tasker-macOS */ = {
			isa = PBXGroup;
			children = (
				E10588F5219CC0A40020976B /* Sources */,
				E10588B9219CBE610020976B /* Tasker_macOS.h */,
				E10588BA219CBE610020976B /* Info.plist */,
			);
			path = "Tasker-macOS";
			sourceTree = "<group>";
		};
		E10588C3219CBE610020976B /* Tasker-macOSTests */ = {
			isa = PBXGroup;
			children = (
				E1058941219CC0D10020976B /* Tests */,
				E10588CE219CBF6D0020976B /* Info.plist */,
			);
			path = "Tasker-macOSTests";
			sourceTree = "<group>";
		};
		E10588F5219CC0A40020976B /* Sources */ = {
			isa = PBXGroup;
			children = (
				E10588F6219CC0A40020976B /* Result */,
				E10588F9219CC0A40020976B /* Logger */,
				E10588FD219CC0A40020976B /* URLInterceptor */,
				E1058901219CC0A40020976B /* Atomics */,
				E1058903219CC0A40020976B /* Utils */,
				E105890C219CC0A40020976B /* Operations */,
				E105890E219CC0A40020976B /* AsyncAwait */,
				E1058912219CC0A40020976B /* Collections */,
				E1058917219CC0A40020976B /* Tasker */,
			);
			name = Sources;
			path = ../../Sources;
			sourceTree = "<group>";
		};
		E10588F6219CC0A40020976B /* Result */ = {
			isa = PBXGroup;
			children = (
				E10588F7219CC0A40020976B /* Result.swift */,
				E10588F8219CC0A40020976B /* AnyResult.swift */,
			);
			path = Result;
			sourceTree = "<group>";
		};
		E10588F9219CC0A40020976B /* Logger */ = {
			isa = PBXGroup;
			children = (
				E10588FA219CC0A40020976B /* Log.swift */,
				E10588FB219CC0A40020976B /* Logger.swift */,
				E10588FC219CC0A40020976B /* LogLevel.swift */,
			);
			path = Logger;
			sourceTree = "<group>";
		};
		E10588FD219CC0A40020976B /* URLInterceptor */ = {
			isa = PBXGroup;
			children = (
				E10588FE219CC0A40020976B /* URLInterceptor.swift */,
				E10588FF219CC0A40020976B /* URLInterceptorProtocol.swift */,
				E1058900219CC0A40020976B /* URLInterceptorDataTask.swift */,
			);
			path = URLInterceptor;
			sourceTree = "<group>";
		};
		E1058901219CC0A40020976B /* Atomics */ = {
			isa = PBXGroup;
			children = (
				E1058902219CC0A40020976B /* AtomicInt.swift */,
			);
			path = Atomics;
			sourceTree = "<group>";
		};
		E1058903219CC0A40020976B /* Utils */ = {
			isa = PBXGroup;
			children = (
				E1058904219CC0A40020976B /* Array */,
				E1058906219CC0A40020976B /* Locking */,
				E1058908219CC0A40020976B /* Weak */,
				E105890A219CC0A40020976B /* Errors */,
			);
			path = Utils;
			sourceTree = "<group>";
		};
		E1058904219CC0A40020976B /* Array */ = {
			isa = PBXGroup;
			children = (
				E1058905219CC0A40020976B /* Array+safeIndex.swift */,
			);
			path = Array;
			sourceTree = "<group>";
		};
		E1058906219CC0A40020976B /* Locking */ = {
			isa = PBXGroup;
			children = (
				E1058907219CC0A40020976B /* NSLocking+withScope.swift */,
			);
			path = Locking;
			sourceTree = "<group>";
		};
		E1058908219CC0A40020976B /* Weak */ = {
			isa = PBXGroup;
			children = (
				E1058909219CC0A40020976B /* Weak.swift */,
			);
			path = Weak;
			sourceTree = "<group>";
		};
		E105890A219CC0A40020976B /* Errors */ = {
			isa = PBXGroup;
			children = (
				E105890B219CC0A40020976B /* GenericError.swift */,
			);
			path = Errors;
			sourceTree = "<group>";
		};
		E105890C219CC0A40020976B /* Operations */ = {
			isa = PBXGroup;
			children = (
				E105890D219CC0A40020976B /* AsyncOperation.swift */,
			);
			path = Operations;
			sourceTree = "<group>";
		};
		E105890E219CC0A40020976B /* AsyncAwait */ = {
			isa = PBXGroup;
			children = (
				E105890F219CC0A40020976B /* AnyTask.swift */,
				E1058910219CC0A40020976B /* Task+async.swift */,
				E1058911219CC0A40020976B /* Task+await.swift */,
			);
			path = AsyncAwait;
			sourceTree = "<group>";
		};
		E1058912219CC0A40020976B /* Collections */ = {
			isa = PBXGroup;
			children = (
				E1058913219CC0A40020976B /* RingBuffer */,
				E1058915219CC0A40020976B /* SynchronizedDictionary */,
			);
			path = Collections;
			sourceTree = "<group>";
		};
		E1058913219CC0A40020976B /* RingBuffer */ = {
			isa = PBXGroup;
			children = (
				E1058914219CC0A40020976B /* RingBuffer.swift */,
			);
			path = RingBuffer;
			sourceTree = "<group>";
		};
		E1058915219CC0A40020976B /* SynchronizedDictionary */ = {
			isa = PBXGroup;
			children = (
				E1058916219CC0A40020976B /* SynchronizedDictionary.swift */,
			);
			path = SynchronizedDictionary;
			sourceTree = "<group>";
		};
		E1058917219CC0A40020976B /* Tasker */ = {
			isa = PBXGroup;
			children = (
				E1058918219CC0A40020976B /* TaskState.swift */,
				E1058919219CC0A40020976B /* TaskInterceptor.swift */,
				E105891A219CC0A40020976B /* TaskError.swift */,
				E105891B219CC0A40020976B /* TaskManagerHandle.swift */,
				E105891C219CC0A40020976B /* TaskHandle.swift */,
				E105891D219CC0A40020976B /* TaskInterceptorManager.swift */,
				E105891E219CC0A40020976B /* TaskManager.swift */,
				E105891F219CC0A40020976B /* TaskManagerHandleData.swift */,
				E1058920219CC0A40020976B /* Task.swift */,
				E1058921219CC0A40020976B /* TaskReactorConfiguration.swift */,
				E1058922219CC0A40020976B /* TaskReactor.swift */,
			);
			path = Tasker;
			sourceTree = "<group>";
		};
		E1058941219CC0D10020976B /* Tests */ = {
			isa = PBXGroup;
			children = (
				E1058942219CC0D10020976B /* Logger */,
				E1058944219CC0D10020976B /* URLInterceptor */,
				E1058946219CC0D10020976B /* Utils */,
				E105894A219CC0D10020976B /* Operations */,
				E105894E219CC0D10020976B /* XCTestManifests.swift */,
				E105894F219CC0D10020976B /* AsyncAwait */,
				E1058953219CC0D10020976B /* Collections */,
				E1058956219CC0D10020976B /* TaskerTests */,
				E1058958219CC0D10020976B /* Tasker */,
			);
			name = Tests;
			path = ../../Tests;
			sourceTree = "<group>";
		};
		E1058942219CC0D10020976B /* Logger */ = {
			isa = PBXGroup;
			children = (
				E1058943219CC0D10020976B /* LoggerTests.swift */,
			);
			path = Logger;
			sourceTree = "<group>";
		};
		E1058944219CC0D10020976B /* URLInterceptor */ = {
			isa = PBXGroup;
			children = (
				E1058945219CC0D10020976B /* URLInterceptorTests.swift */,
			);
			path = URLInterceptor;
			sourceTree = "<group>";
		};
		E1058946219CC0D10020976B /* Utils */ = {
			isa = PBXGroup;
			children = (
				E1058947219CC0D10020976B /* KitchenSink.swift */,
				E1058948219CC0D10020976B /* Ensure.swift */,
				E1058949219CC0D10020976B /* YieldingIterator.swift */,
			);
			path = Utils;
			sourceTree = "<group>";
		};
		E105894A219CC0D10020976B /* Operations */ = {
			isa = PBXGroup;
			children = (
				E105894B219CC0D10020976B /* Doubles */,
				E105894D219CC0D10020976B /* AsyncOperationTests.swift */,
			);
			path = Operations;
			sourceTree = "<group>";
		};
		E105894B219CC0D10020976B /* Doubles */ = {
			isa = PBXGroup;
			children = (
				E105894C219CC0D10020976B /* AsyncOperationSpy.swift */,
			);
			path = Doubles;
			sourceTree = "<group>";
		};
		E105894F219CC0D10020976B /* AsyncAwait */ = {
			isa = PBXGroup;
			children = (
				E1058950219CC0D10020976B /* Doubles */,
				E1058952219CC0D10020976B /* AsyncAwaitTests.swift */,
			);
			path = AsyncAwait;
			sourceTree = "<group>";
		};
		E1058950219CC0D10020976B /* Doubles */ = {
			isa = PBXGroup;
			children = (
				E1058951219CC0D10020976B /* AsyncAwaitSpy.swift */,
			);
			path = Doubles;
			sourceTree = "<group>";
		};
		E1058953219CC0D10020976B /* Collections */ = {
			isa = PBXGroup;
			children = (
				E1058954219CC0D10020976B /* RingBuffer */,
			);
			path = Collections;
			sourceTree = "<group>";
		};
		E1058954219CC0D10020976B /* RingBuffer */ = {
			isa = PBXGroup;
			children = (
				E1058955219CC0D10020976B /* RingBufferTests.swift */,
			);
			path = RingBuffer;
			sourceTree = "<group>";
		};
		E1058956219CC0D10020976B /* TaskerTests */ = {
			isa = PBXGroup;
			children = (
				E1058957219CC0D10020976B /* TaskerTests.swift */,
			);
			path = TaskerTests;
			sourceTree = "<group>";
		};
		E1058958219CC0D10020976B /* Tasker */ = {
			isa = PBXGroup;
			children = (
				E1058959219CC0D10020976B /* Doubles */,
				E105895F219CC0D10020976B /* TaskManagerTests.swift */,
				E1058960219CC0D10020976B /* ScenarioValidatingRetryingTests.swift */,
				E1058961219CC0D10020976B /* TaskInterceptorTests.swift */,
				E1058962219CC0D10020976B /* TaskHandleTests.swift */,
				E1058963219CC0D10020976B /* TaskReactorTests.swift */,
				E1058964219CC0D10020976B /* ScenarioBatchingTests.swift */,
			);
			path = Tasker;
			sourceTree = "<group>";
		};
		E1058959219CC0D10020976B /* Doubles */ = {
			isa = PBXGroup;
			children = (
				E105895A219CC0D10020976B /* InterceptorSpy.swift */,
				E105895B219CC0D10020976B /* ReactorSpy.swift */,
				E105895C219CC0D10020976B /* TaskManagerSpy.swift */,
				E105895D219CC0D10020976B /* TaskSpy.swift */,
				E105895E219CC0D10020976B /* DummyTask.swift */,
			);
			path = Doubles;
			sourceTree = "<group>";
		};
/* End PBXGroup section */

/* Begin PBXHeadersBuildPhase section */
		E10588B2219CBE600020976B /* Headers */ = {
			isa = PBXHeadersBuildPhase;
			buildActionMask = 2147483647;
			files = (
				E10588C7219CBE610020976B /* Tasker_macOS.h in Headers */,
			);
			runOnlyForDeploymentPostprocessing = 0;
		};
/* End PBXHeadersBuildPhase section */

/* Begin PBXNativeTarget section */
		E10588B6219CBE600020976B /* Tasker-macOS */ = {
			isa = PBXNativeTarget;
			buildConfigurationList = E10588C8219CBE610020976B /* Build configuration list for PBXNativeTarget "Tasker-macOS" */;
			buildPhases = (
				E10588B2219CBE600020976B /* Headers */,
				E10588B3219CBE600020976B /* Sources */,
				E10588B4219CBE600020976B /* Frameworks */,
				E10588B5219CBE600020976B /* Resources */,
			);
			buildRules = (
			);
			dependencies = (
			);
			name = "Tasker-macOS";
			productName = "Tasker-macOS";
			productReference = E10588B7219CBE600020976B /* Tasker.framework */;
			productType = "com.apple.product-type.framework";
		};
		E10588BE219CBE610020976B /* Tasker-macOSTests */ = {
			isa = PBXNativeTarget;
			buildConfigurationList = E10588CB219CBE610020976B /* Build configuration list for PBXNativeTarget "Tasker-macOSTests" */;
			buildPhases = (
				E10588BB219CBE610020976B /* Sources */,
				E10588BC219CBE610020976B /* Frameworks */,
				E10588BD219CBE610020976B /* Resources */,
			);
			buildRules = (
			);
			dependencies = (
				E10588C2219CBE610020976B /* PBXTargetDependency */,
			);
			name = "Tasker-macOSTests";
			productName = "Tasker-macOSTests";
			productReference = E10588BF219CBE610020976B /* Tasker-macOSTests.xctest */;
			productType = "com.apple.product-type.bundle.unit-test";
		};
/* End PBXNativeTarget section */

/* Begin PBXProject section */
		E1058808219CB8F80020976B /* Project object */ = {
			isa = PBXProject;
			attributes = {
				LastSwiftUpdateCheck = 1010;
				LastUpgradeCheck = 1010;
				TargetAttributes = {
					E10588B6219CBE600020976B = {
						CreatedOnToolsVersion = 10.1;
					};
					E10588BE219CBE610020976B = {
						CreatedOnToolsVersion = 10.1;
						LastSwiftMigration = 1010;
					};
				};
			};
			buildConfigurationList = E105880B219CB8F80020976B /* Build configuration list for PBXProject "Tasker" */;
			compatibilityVersion = "Xcode 9.3";
			developmentRegion = en;
			hasScannedForEncodings = 0;
			knownRegions = (
				en,
			);
			mainGroup = E1058807219CB8F80020976B;
			productRefGroup = E1058814219CB9100020976B /* Products */;
			projectDirPath = "";
			projectRoot = "";
			targets = (
				E10588B6219CBE600020976B /* Tasker-macOS */,
				E10588BE219CBE610020976B /* Tasker-macOSTests */,
			);
		};
/* End PBXProject section */

/* Begin PBXResourcesBuildPhase section */
		E10588B5219CBE600020976B /* Resources */ = {
			isa = PBXResourcesBuildPhase;
			buildActionMask = 2147483647;
			files = (
			);
			runOnlyForDeploymentPostprocessing = 0;
		};
		E10588BD219CBE610020976B /* Resources */ = {
			isa = PBXResourcesBuildPhase;
			buildActionMask = 2147483647;
			files = (
			);
			runOnlyForDeploymentPostprocessing = 0;
		};
/* End PBXResourcesBuildPhase section */

/* Begin PBXSourcesBuildPhase section */
		E10588B3219CBE600020976B /* Sources */ = {
			isa = PBXSourcesBuildPhase;
			buildActionMask = 2147483647;
			files = (
				E1058937219CC0A40020976B /* TaskInterceptor.swift in Sources */,
				E105892B219CC0A40020976B /* AtomicInt.swift in Sources */,
				E1058923219CC0A40020976B /* Result.swift in Sources */,
				E1058933219CC0A40020976B /* Task+await.swift in Sources */,
				E1058924219CC0A40020976B /* AnyResult.swift in Sources */,
				E105892C219CC0A40020976B /* Array+safeIndex.swift in Sources */,
				E1058925219CC0A40020976B /* Log.swift in Sources */,
				E105892E219CC0A40020976B /* Weak.swift in Sources */,
				E1058930219CC0A40020976B /* AsyncOperation.swift in Sources */,
				E1058932219CC0A40020976B /* Task+async.swift in Sources */,
				E1058935219CC0A40020976B /* SynchronizedDictionary.swift in Sources */,
				E105893B219CC0A40020976B /* TaskInterceptorManager.swift in Sources */,
				E105893E219CC0A40020976B /* Task.swift in Sources */,
				E1058928219CC0A40020976B /* URLInterceptor.swift in Sources */,
				E1058927219CC0A40020976B /* LogLevel.swift in Sources */,
				E1058934219CC0A40020976B /* RingBuffer.swift in Sources */,
				E1058929219CC0A40020976B /* URLInterceptorProtocol.swift in Sources */,
				E105893C219CC0A40020976B /* TaskManager.swift in Sources */,
				E1058936219CC0A40020976B /* TaskState.swift in Sources */,
				E1058940219CC0A40020976B /* TaskReactor.swift in Sources */,
				E105892A219CC0A40020976B /* URLInterceptorDataTask.swift in Sources */,
				E1058926219CC0A40020976B /* Logger.swift in Sources */,
				E105893A219CC0A40020976B /* TaskHandle.swift in Sources */,
				E105892F219CC0A40020976B /* GenericError.swift in Sources */,
				E1058939219CC0A40020976B /* TaskManagerHandle.swift in Sources */,
				E105893D219CC0A40020976B /* TaskManagerHandleData.swift in Sources */,
				E105893F219CC0A40020976B /* TaskReactorConfiguration.swift in Sources */,
				E105892D219CC0A40020976B /* NSLocking+withScope.swift in Sources */,
				E1058931219CC0A40020976B /* AnyTask.swift in Sources */,
				E1058938219CC0A40020976B /* TaskError.swift in Sources */,
			);
			runOnlyForDeploymentPostprocessing = 0;
		};
		E10588BB219CBE610020976B /* Sources */ = {
			isa = PBXSourcesBuildPhase;
			buildActionMask = 2147483647;
			files = (
				E1058979219CC0D20020976B /* TaskHandleTests.swift in Sources */,
				E1058968219CC0D20020976B /* Ensure.swift in Sources */,
				E105897A219CC0D20020976B /* TaskReactorTests.swift in Sources */,
				E105896C219CC0D20020976B /* XCTestManifests.swift in Sources */,
				E1058974219CC0D20020976B /* TaskSpy.swift in Sources */,
				E1058976219CC0D20020976B /* TaskManagerTests.swift in Sources */,
				E105896A219CC0D20020976B /* AsyncOperationSpy.swift in Sources */,
				E1058972219CC0D20020976B /* ReactorSpy.swift in Sources */,
				E1058969219CC0D20020976B /* YieldingIterator.swift in Sources */,
				E1058978219CC0D20020976B /* TaskInterceptorTests.swift in Sources */,
				E1058975219CC0D20020976B /* DummyTask.swift in Sources */,
				E105896F219CC0D20020976B /* RingBufferTests.swift in Sources */,
				E105897B219CC0D20020976B /* ScenarioBatchingTests.swift in Sources */,
				E1058977219CC0D20020976B /* ScenarioValidatingRetryingTests.swift in Sources */,
				E1058970219CC0D20020976B /* TaskerTests.swift in Sources */,
				E1058965219CC0D20020976B /* LoggerTests.swift in Sources */,
				E1058973219CC0D20020976B /* TaskManagerSpy.swift in Sources */,
				E105896D219CC0D20020976B /* AsyncAwaitSpy.swift in Sources */,
				E1058966219CC0D20020976B /* URLInterceptorTests.swift in Sources */,
				E105896E219CC0D20020976B /* AsyncAwaitTests.swift in Sources */,
				E105896B219CC0D20020976B /* AsyncOperationTests.swift in Sources */,
				E1058971219CC0D20020976B /* InterceptorSpy.swift in Sources */,
				E1058967219CC0D20020976B /* KitchenSink.swift in Sources */,
			);
			runOnlyForDeploymentPostprocessing = 0;
		};
/* End PBXSourcesBuildPhase section */

/* Begin PBXTargetDependency section */
		E10588C2219CBE610020976B /* PBXTargetDependency */ = {
			isa = PBXTargetDependency;
			target = E10588B6219CBE600020976B /* Tasker-macOS */;
			targetProxy = E10588C1219CBE610020976B /* PBXContainerItemProxy */;
		};
/* End PBXTargetDependency section */

/* Begin XCBuildConfiguration section */
		E105880C219CB8F80020976B /* Debug */ = {
			isa = XCBuildConfiguration;
			buildSettings = {
			};
			name = Debug;
		};
		E105880D219CB8F80020976B /* Release */ = {
			isa = XCBuildConfiguration;
			buildSettings = {
			};
			name = Release;
		};
		E10588C9219CBE610020976B /* Debug */ = {
			isa = XCBuildConfiguration;
			buildSettings = {
				ALWAYS_SEARCH_USER_PATHS = NO;
				CLANG_ANALYZER_NONNULL = YES;
				CLANG_ANALYZER_NUMBER_OBJECT_CONVERSION = YES_AGGRESSIVE;
				CLANG_CXX_LANGUAGE_STANDARD = "gnu++14";
				CLANG_CXX_LIBRARY = "libc++";
				CLANG_ENABLE_MODULES = YES;
				CLANG_ENABLE_OBJC_ARC = YES;
				CLANG_ENABLE_OBJC_WEAK = YES;
				CLANG_WARN_BLOCK_CAPTURE_AUTORELEASING = YES;
				CLANG_WARN_BOOL_CONVERSION = YES;
				CLANG_WARN_COMMA = YES;
				CLANG_WARN_CONSTANT_CONVERSION = YES;
				CLANG_WARN_DEPRECATED_OBJC_IMPLEMENTATIONS = YES;
				CLANG_WARN_DIRECT_OBJC_ISA_USAGE = YES_ERROR;
				CLANG_WARN_DOCUMENTATION_COMMENTS = YES;
				CLANG_WARN_EMPTY_BODY = YES;
				CLANG_WARN_ENUM_CONVERSION = YES;
				CLANG_WARN_INFINITE_RECURSION = YES;
				CLANG_WARN_INT_CONVERSION = YES;
				CLANG_WARN_NON_LITERAL_NULL_CONVERSION = YES;
				CLANG_WARN_OBJC_IMPLICIT_RETAIN_SELF = YES;
				CLANG_WARN_OBJC_LITERAL_CONVERSION = YES;
				CLANG_WARN_OBJC_ROOT_CLASS = YES_ERROR;
				CLANG_WARN_RANGE_LOOP_ANALYSIS = YES;
				CLANG_WARN_STRICT_PROTOTYPES = YES;
				CLANG_WARN_SUSPICIOUS_MOVE = YES;
				CLANG_WARN_UNGUARDED_AVAILABILITY = YES_AGGRESSIVE;
				CLANG_WARN_UNREACHABLE_CODE = YES;
				CLANG_WARN__DUPLICATE_METHOD_MATCH = YES;
				CODE_SIGN_IDENTITY = "Mac Developer";
				CODE_SIGN_STYLE = Automatic;
				COMBINE_HIDPI_IMAGES = YES;
				COPY_PHASE_STRIP = NO;
				CURRENT_PROJECT_VERSION = 1;
				DEBUG_INFORMATION_FORMAT = dwarf;
				DEFINES_MODULE = YES;
				DEVELOPMENT_TEAM = P745JCVW7S;
				DYLIB_COMPATIBILITY_VERSION = 1;
				DYLIB_CURRENT_VERSION = 1;
				DYLIB_INSTALL_NAME_BASE = "@rpath";
				ENABLE_STRICT_OBJC_MSGSEND = YES;
				ENABLE_TESTABILITY = YES;
				FRAMEWORK_VERSION = A;
				GCC_C_LANGUAGE_STANDARD = gnu11;
				GCC_DYNAMIC_NO_PIC = NO;
				GCC_NO_COMMON_BLOCKS = YES;
				GCC_OPTIMIZATION_LEVEL = 0;
				GCC_PREPROCESSOR_DEFINITIONS = (
					"DEBUG=1",
					"$(inherited)",
				);
				GCC_WARN_64_TO_32_BIT_CONVERSION = YES;
				GCC_WARN_ABOUT_RETURN_TYPE = YES_ERROR;
				GCC_WARN_UNDECLARED_SELECTOR = YES;
				GCC_WARN_UNINITIALIZED_AUTOS = YES_AGGRESSIVE;
				GCC_WARN_UNUSED_FUNCTION = YES;
				GCC_WARN_UNUSED_VARIABLE = YES;
				INFOPLIST_FILE = "Tasker-macOS/Info.plist";
				INSTALL_PATH = "$(LOCAL_LIBRARY_DIR)/Frameworks";
				LD_RUNPATH_SEARCH_PATHS = (
					"$(inherited)",
					"@executable_path/../Frameworks",
					"@loader_path/Frameworks",
				);
				MACOSX_DEPLOYMENT_TARGET = 10.14;
				MTL_ENABLE_DEBUG_INFO = INCLUDE_SOURCE;
				MTL_FAST_MATH = YES;
				ONLY_ACTIVE_ARCH = YES;
				PRODUCT_BUNDLE_IDENTIFIER = "aliak00.Tasker-macOS";
				PRODUCT_NAME = "$(PROJECT_NAME:c99extidentifier)";
				SDKROOT = macosx;
				SKIP_INSTALL = YES;
				SWIFT_ACTIVE_COMPILATION_CONDITIONS = DEBUG;
				SWIFT_OPTIMIZATION_LEVEL = "-Onone";
				SWIFT_VERSION = 4.2;
				VERSIONING_SYSTEM = "apple-generic";
				VERSION_INFO_PREFIX = "";
			};
			name = Debug;
		};
		E10588CA219CBE610020976B /* Release */ = {
			isa = XCBuildConfiguration;
			buildSettings = {
				ALWAYS_SEARCH_USER_PATHS = NO;
				CLANG_ANALYZER_NONNULL = YES;
				CLANG_ANALYZER_NUMBER_OBJECT_CONVERSION = YES_AGGRESSIVE;
				CLANG_CXX_LANGUAGE_STANDARD = "gnu++14";
				CLANG_CXX_LIBRARY = "libc++";
				CLANG_ENABLE_MODULES = YES;
				CLANG_ENABLE_OBJC_ARC = YES;
				CLANG_ENABLE_OBJC_WEAK = YES;
				CLANG_WARN_BLOCK_CAPTURE_AUTORELEASING = YES;
				CLANG_WARN_BOOL_CONVERSION = YES;
				CLANG_WARN_COMMA = YES;
				CLANG_WARN_CONSTANT_CONVERSION = YES;
				CLANG_WARN_DEPRECATED_OBJC_IMPLEMENTATIONS = YES;
				CLANG_WARN_DIRECT_OBJC_ISA_USAGE = YES_ERROR;
				CLANG_WARN_DOCUMENTATION_COMMENTS = YES;
				CLANG_WARN_EMPTY_BODY = YES;
				CLANG_WARN_ENUM_CONVERSION = YES;
				CLANG_WARN_INFINITE_RECURSION = YES;
				CLANG_WARN_INT_CONVERSION = YES;
				CLANG_WARN_NON_LITERAL_NULL_CONVERSION = YES;
				CLANG_WARN_OBJC_IMPLICIT_RETAIN_SELF = YES;
				CLANG_WARN_OBJC_LITERAL_CONVERSION = YES;
				CLANG_WARN_OBJC_ROOT_CLASS = YES_ERROR;
				CLANG_WARN_RANGE_LOOP_ANALYSIS = YES;
				CLANG_WARN_STRICT_PROTOTYPES = YES;
				CLANG_WARN_SUSPICIOUS_MOVE = YES;
				CLANG_WARN_UNGUARDED_AVAILABILITY = YES_AGGRESSIVE;
				CLANG_WARN_UNREACHABLE_CODE = YES;
				CLANG_WARN__DUPLICATE_METHOD_MATCH = YES;
				CODE_SIGN_IDENTITY = "Mac Developer";
				CODE_SIGN_STYLE = Automatic;
				COMBINE_HIDPI_IMAGES = YES;
				COPY_PHASE_STRIP = NO;
				CURRENT_PROJECT_VERSION = 1;
				DEBUG_INFORMATION_FORMAT = "dwarf-with-dsym";
				DEFINES_MODULE = YES;
				DEVELOPMENT_TEAM = P745JCVW7S;
				DYLIB_COMPATIBILITY_VERSION = 1;
				DYLIB_CURRENT_VERSION = 1;
				DYLIB_INSTALL_NAME_BASE = "@rpath";
				ENABLE_NS_ASSERTIONS = NO;
				ENABLE_STRICT_OBJC_MSGSEND = YES;
				FRAMEWORK_VERSION = A;
				GCC_C_LANGUAGE_STANDARD = gnu11;
				GCC_NO_COMMON_BLOCKS = YES;
				GCC_WARN_64_TO_32_BIT_CONVERSION = YES;
				GCC_WARN_ABOUT_RETURN_TYPE = YES_ERROR;
				GCC_WARN_UNDECLARED_SELECTOR = YES;
				GCC_WARN_UNINITIALIZED_AUTOS = YES_AGGRESSIVE;
				GCC_WARN_UNUSED_FUNCTION = YES;
				GCC_WARN_UNUSED_VARIABLE = YES;
				INFOPLIST_FILE = "Tasker-macOS/Info.plist";
				INSTALL_PATH = "$(LOCAL_LIBRARY_DIR)/Frameworks";
				LD_RUNPATH_SEARCH_PATHS = (
					"$(inherited)",
					"@executable_path/../Frameworks",
					"@loader_path/Frameworks",
				);
				MACOSX_DEPLOYMENT_TARGET = 10.14;
				MTL_ENABLE_DEBUG_INFO = NO;
				MTL_FAST_MATH = YES;
				PRODUCT_BUNDLE_IDENTIFIER = "aliak00.Tasker-macOS";
				PRODUCT_NAME = "$(PROJECT_NAME:c99extidentifier)";
				SDKROOT = macosx;
				SKIP_INSTALL = YES;
				SWIFT_COMPILATION_MODE = wholemodule;
				SWIFT_OPTIMIZATION_LEVEL = "-O";
				SWIFT_VERSION = 4.2;
				VERSIONING_SYSTEM = "apple-generic";
				VERSION_INFO_PREFIX = "";
			};
			name = Release;
		};
		E10588CC219CBE610020976B /* Debug */ = {
			isa = XCBuildConfiguration;
			buildSettings = {
				ALWAYS_EMBED_SWIFT_STANDARD_LIBRARIES = YES;
				ALWAYS_SEARCH_USER_PATHS = NO;
				CLANG_ANALYZER_NONNULL = YES;
				CLANG_ANALYZER_NUMBER_OBJECT_CONVERSION = YES_AGGRESSIVE;
				CLANG_CXX_LANGUAGE_STANDARD = "gnu++14";
				CLANG_CXX_LIBRARY = "libc++";
				CLANG_ENABLE_MODULES = YES;
				CLANG_ENABLE_OBJC_ARC = YES;
				CLANG_ENABLE_OBJC_WEAK = YES;
				CLANG_WARN_BLOCK_CAPTURE_AUTORELEASING = YES;
				CLANG_WARN_BOOL_CONVERSION = YES;
				CLANG_WARN_COMMA = YES;
				CLANG_WARN_CONSTANT_CONVERSION = YES;
				CLANG_WARN_DEPRECATED_OBJC_IMPLEMENTATIONS = YES;
				CLANG_WARN_DIRECT_OBJC_ISA_USAGE = YES_ERROR;
				CLANG_WARN_DOCUMENTATION_COMMENTS = YES;
				CLANG_WARN_EMPTY_BODY = YES;
				CLANG_WARN_ENUM_CONVERSION = YES;
				CLANG_WARN_INFINITE_RECURSION = YES;
				CLANG_WARN_INT_CONVERSION = YES;
				CLANG_WARN_NON_LITERAL_NULL_CONVERSION = YES;
				CLANG_WARN_OBJC_IMPLICIT_RETAIN_SELF = YES;
				CLANG_WARN_OBJC_LITERAL_CONVERSION = YES;
				CLANG_WARN_OBJC_ROOT_CLASS = YES_ERROR;
				CLANG_WARN_RANGE_LOOP_ANALYSIS = YES;
				CLANG_WARN_STRICT_PROTOTYPES = YES;
				CLANG_WARN_SUSPICIOUS_MOVE = YES;
				CLANG_WARN_UNGUARDED_AVAILABILITY = YES_AGGRESSIVE;
				CLANG_WARN_UNREACHABLE_CODE = YES;
				CLANG_WARN__DUPLICATE_METHOD_MATCH = YES;
				CODE_SIGN_IDENTITY = "Mac Developer";
				CODE_SIGN_STYLE = Automatic;
				COMBINE_HIDPI_IMAGES = YES;
				COPY_PHASE_STRIP = NO;
				DEBUG_INFORMATION_FORMAT = dwarf;
				DEVELOPMENT_TEAM = P745JCVW7S;
				ENABLE_STRICT_OBJC_MSGSEND = YES;
				ENABLE_TESTABILITY = YES;
				GCC_C_LANGUAGE_STANDARD = gnu11;
				GCC_DYNAMIC_NO_PIC = NO;
				GCC_NO_COMMON_BLOCKS = YES;
				GCC_OPTIMIZATION_LEVEL = 0;
				GCC_PREPROCESSOR_DEFINITIONS = (
					"DEBUG=1",
					"$(inherited)",
				);
				GCC_WARN_64_TO_32_BIT_CONVERSION = YES;
				GCC_WARN_ABOUT_RETURN_TYPE = YES_ERROR;
				GCC_WARN_UNDECLARED_SELECTOR = YES;
				GCC_WARN_UNINITIALIZED_AUTOS = YES_AGGRESSIVE;
				GCC_WARN_UNUSED_FUNCTION = YES;
				GCC_WARN_UNUSED_VARIABLE = YES;
				INFOPLIST_FILE = "Tasker-macOSTests/Info.plist";
				LD_RUNPATH_SEARCH_PATHS = (
					"$(inherited)",
					"@executable_path/../Frameworks",
					"@loader_path/../Frameworks",
				);
				MACOSX_DEPLOYMENT_TARGET = 10.14;
				MTL_ENABLE_DEBUG_INFO = INCLUDE_SOURCE;
				MTL_FAST_MATH = YES;
				ONLY_ACTIVE_ARCH = YES;
				PRODUCT_BUNDLE_IDENTIFIER = "aliak00.Tasker-macOSTests";
				PRODUCT_NAME = "$(TARGET_NAME)";
				SDKROOT = macosx;
				SWIFT_ACTIVE_COMPILATION_CONDITIONS = DEBUG;
				SWIFT_OPTIMIZATION_LEVEL = "-Onone";
				SWIFT_VERSION = 4.2;
			};
			name = Debug;
		};
		E10588CD219CBE610020976B /* Release */ = {
			isa = XCBuildConfiguration;
			buildSettings = {
				ALWAYS_EMBED_SWIFT_STANDARD_LIBRARIES = YES;
				ALWAYS_SEARCH_USER_PATHS = NO;
				CLANG_ANALYZER_NONNULL = YES;
				CLANG_ANALYZER_NUMBER_OBJECT_CONVERSION = YES_AGGRESSIVE;
				CLANG_CXX_LANGUAGE_STANDARD = "gnu++14";
				CLANG_CXX_LIBRARY = "libc++";
				CLANG_ENABLE_MODULES = YES;
				CLANG_ENABLE_OBJC_ARC = YES;
				CLANG_ENABLE_OBJC_WEAK = YES;
				CLANG_WARN_BLOCK_CAPTURE_AUTORELEASING = YES;
				CLANG_WARN_BOOL_CONVERSION = YES;
				CLANG_WARN_COMMA = YES;
				CLANG_WARN_CONSTANT_CONVERSION = YES;
				CLANG_WARN_DEPRECATED_OBJC_IMPLEMENTATIONS = YES;
				CLANG_WARN_DIRECT_OBJC_ISA_USAGE = YES_ERROR;
				CLANG_WARN_DOCUMENTATION_COMMENTS = YES;
				CLANG_WARN_EMPTY_BODY = YES;
				CLANG_WARN_ENUM_CONVERSION = YES;
				CLANG_WARN_INFINITE_RECURSION = YES;
				CLANG_WARN_INT_CONVERSION = YES;
				CLANG_WARN_NON_LITERAL_NULL_CONVERSION = YES;
				CLANG_WARN_OBJC_IMPLICIT_RETAIN_SELF = YES;
				CLANG_WARN_OBJC_LITERAL_CONVERSION = YES;
				CLANG_WARN_OBJC_ROOT_CLASS = YES_ERROR;
				CLANG_WARN_RANGE_LOOP_ANALYSIS = YES;
				CLANG_WARN_STRICT_PROTOTYPES = YES;
				CLANG_WARN_SUSPICIOUS_MOVE = YES;
				CLANG_WARN_UNGUARDED_AVAILABILITY = YES_AGGRESSIVE;
				CLANG_WARN_UNREACHABLE_CODE = YES;
				CLANG_WARN__DUPLICATE_METHOD_MATCH = YES;
				CODE_SIGN_IDENTITY = "Mac Developer";
				CODE_SIGN_STYLE = Automatic;
				COMBINE_HIDPI_IMAGES = YES;
				COPY_PHASE_STRIP = NO;
				DEBUG_INFORMATION_FORMAT = "dwarf-with-dsym";
				DEVELOPMENT_TEAM = P745JCVW7S;
				ENABLE_NS_ASSERTIONS = NO;
				ENABLE_STRICT_OBJC_MSGSEND = YES;
				GCC_C_LANGUAGE_STANDARD = gnu11;
				GCC_NO_COMMON_BLOCKS = YES;
				GCC_WARN_64_TO_32_BIT_CONVERSION = YES;
				GCC_WARN_ABOUT_RETURN_TYPE = YES_ERROR;
				GCC_WARN_UNDECLARED_SELECTOR = YES;
				GCC_WARN_UNINITIALIZED_AUTOS = YES_AGGRESSIVE;
				GCC_WARN_UNUSED_FUNCTION = YES;
				GCC_WARN_UNUSED_VARIABLE = YES;
				INFOPLIST_FILE = "Tasker-macOSTests/Info.plist";
				LD_RUNPATH_SEARCH_PATHS = (
					"$(inherited)",
					"@executable_path/../Frameworks",
					"@loader_path/../Frameworks",
				);
				MACOSX_DEPLOYMENT_TARGET = 10.14;
				MTL_ENABLE_DEBUG_INFO = NO;
				MTL_FAST_MATH = YES;
				PRODUCT_BUNDLE_IDENTIFIER = "aliak00.Tasker-macOSTests";
				PRODUCT_NAME = "$(TARGET_NAME)";
				SDKROOT = macosx;
				SWIFT_COMPILATION_MODE = wholemodule;
				SWIFT_OPTIMIZATION_LEVEL = "-O";
				SWIFT_VERSION = 4.2;
			};
			name = Release;
		};
/* End XCBuildConfiguration section */

/* Begin XCConfigurationList section */
		E105880B219CB8F80020976B /* Build configuration list for PBXProject "Tasker" */ = {
			isa = XCConfigurationList;
			buildConfigurations = (
				E105880C219CB8F80020976B /* Debug */,
				E105880D219CB8F80020976B /* Release */,
			);
			defaultConfigurationIsVisible = 0;
			defaultConfigurationName = Release;
		};
		E10588C8219CBE610020976B /* Build configuration list for PBXNativeTarget "Tasker-macOS" */ = {
			isa = XCConfigurationList;
			buildConfigurations = (
				E10588C9219CBE610020976B /* Debug */,
				E10588CA219CBE610020976B /* Release */,
			);
			defaultConfigurationIsVisible = 0;
			defaultConfigurationName = Release;
		};
		E10588CB219CBE610020976B /* Build configuration list for PBXNativeTarget "Tasker-macOSTests" */ = {
			isa = XCConfigurationList;
			buildConfigurations = (
				E10588CC219CBE610020976B /* Debug */,
				E10588CD219CBE610020976B /* Release */,
			);
			defaultConfigurationIsVisible = 0;
			defaultConfigurationName = Release;
		};
/* End XCConfigurationList section */
	};
	rootObject = E1058808219CB8F80020976B /* Project object */;
}
